// !$*UTF8*$!
{
	archiveVersion = 1;
	classes = {
	};
	objectVersion = 48;
	objects = {

/* Begin PBXBuildFile section */
		51230C1620C8D5AB00386A9A /* TTAutoRunLabel.m in Sources */ = {isa = PBXBuildFile; fileRef = 51230C1520C8D5AB00386A9A /* TTAutoRunLabel.m */; };
		512DE7A020CA6F7B00C59E95 /* OrderView.m in Sources */ = {isa = PBXBuildFile; fileRef = 512DE79F20CA6F7B00C59E95 /* OrderView.m */; };
		516433EA20BBA40A0016BB8D /* ThirdViewController.m in Sources */ = {isa = PBXBuildFile; fileRef = 516433E920BBA40A0016BB8D /* ThirdViewController.m */; };
		516433ED20BBA42B0016BB8D /* ForthViewController.m in Sources */ = {isa = PBXBuildFile; fileRef = 516433EC20BBA42B0016BB8D /* ForthViewController.m */; };
		516433F020BBAA000016BB8D /* FirstView.m in Sources */ = {isa = PBXBuildFile; fileRef = 516433EF20BBAA000016BB8D /* FirstView.m */; };
		517F9EE320AE5E0D00CC14C9 /* AppDelegate.m in Sources */ = {isa = PBXBuildFile; fileRef = 517F9EE220AE5E0D00CC14C9 /* AppDelegate.m */; };
		517F9EE620AE5E0D00CC14C9 /* FirstViewController.m in Sources */ = {isa = PBXBuildFile; fileRef = 517F9EE520AE5E0D00CC14C9 /* FirstViewController.m */; };
		517F9EE920AE5E0D00CC14C9 /* SecondViewController.m in Sources */ = {isa = PBXBuildFile; fileRef = 517F9EE820AE5E0D00CC14C9 /* SecondViewController.m */; };
		517F9EEC20AE5E0D00CC14C9 /* Main.storyboard in Resources */ = {isa = PBXBuildFile; fileRef = 517F9EEA20AE5E0D00CC14C9 /* Main.storyboard */; };
		517F9EEE20AE5E0D00CC14C9 /* Assets.xcassets in Resources */ = {isa = PBXBuildFile; fileRef = 517F9EED20AE5E0D00CC14C9 /* Assets.xcassets */; };
		517F9EF120AE5E0D00CC14C9 /* LaunchScreen.storyboard in Resources */ = {isa = PBXBuildFile; fileRef = 517F9EEF20AE5E0D00CC14C9 /* LaunchScreen.storyboard */; };
		517F9EF420AE5E0D00CC14C9 /* main.m in Sources */ = {isa = PBXBuildFile; fileRef = 517F9EF320AE5E0D00CC14C9 /* main.m */; };
		C5090E5920D201F0009D2A3E /* WSAuthCode.m in Sources */ = {isa = PBXBuildFile; fileRef = C5090E5820D201F0009D2A3E /* WSAuthCode.m */; };
		C5090E5D20D2044D009D2A3E /* ResetPasswordViewController.m in Sources */ = {isa = PBXBuildFile; fileRef = C5090E5B20D2044D009D2A3E /* ResetPasswordViewController.m */; };
		C5090E5E20D2044D009D2A3E /* ResetPasswordViewController.xib in Resources */ = {isa = PBXBuildFile; fileRef = C5090E5C20D2044D009D2A3E /* ResetPasswordViewController.xib */; };
		C5090E6120D21CC1009D2A3E /* HUDUtil.m in Sources */ = {isa = PBXBuildFile; fileRef = C5090E6020D21CC1009D2A3E /* HUDUtil.m */; };
		C5090E6420D21D1C009D2A3E /* MBProgressHUD.m in Sources */ = {isa = PBXBuildFile; fileRef = C5090E6220D21D1C009D2A3E /* MBProgressHUD.m */; };
		C56FFBFD20EF5CD0002FB550 /* AuthViewController.m in Sources */ = {isa = PBXBuildFile; fileRef = C56FFBFC20EF5CD0002FB550 /* AuthViewController.m */; };
		C56FFC0020EF65B9002FB550 /* AuthApproveLevelOneViewController.m in Sources */ = {isa = PBXBuildFile; fileRef = C56FFBFF20EF65B9002FB550 /* AuthApproveLevelOneViewController.m */; };
		C56FFC0420EF7077002FB550 /* AuthApprove21ViewController.m in Sources */ = {isa = PBXBuildFile; fileRef = C56FFC0220EF7077002FB550 /* AuthApprove21ViewController.m */; };
		C56FFC0520EF7077002FB550 /* AuthApprove21ViewController.xib in Resources */ = {isa = PBXBuildFile; fileRef = C56FFC0320EF7077002FB550 /* AuthApprove21ViewController.xib */; };
		C5D53ED320CFB22E00037C5C /* TabViewController.m in Sources */ = {isa = PBXBuildFile; fileRef = C5D53ED220CFB22E00037C5C /* TabViewController.m */; };
		C5F91A3720D0B418002DB977 /* LoginViewController.m in Sources */ = {isa = PBXBuildFile; fileRef = C5F91A3520D0B418002DB977 /* LoginViewController.m */; };
		C5F91A3820D0B418002DB977 /* LoginViewController.xib in Resources */ = {isa = PBXBuildFile; fileRef = C5F91A3620D0B418002DB977 /* LoginViewController.xib */; };
		C5F91A3C20D0C4CE002DB977 /* RegistViewController.m in Sources */ = {isa = PBXBuildFile; fileRef = C5F91A3A20D0C4CE002DB977 /* RegistViewController.m */; };
		C5F91A3D20D0C4CE002DB977 /* RegistViewController.xib in Resources */ = {isa = PBXBuildFile; fileRef = C5F91A3B20D0C4CE002DB977 /* RegistViewController.xib */; };
		FA0D56F120DA7C3F005BAC11 /* sortedChnames.plist in Resources */ = {isa = PBXBuildFile; fileRef = FA0D56EE20DA7C3F005BAC11 /* sortedChnames.plist */; };
		FA0D56F220DA7C3F005BAC11 /* sortedEnames.plist in Resources */ = {isa = PBXBuildFile; fileRef = FA0D56EF20DA7C3F005BAC11 /* sortedEnames.plist */; };
		FA0D56F320DA7C3F005BAC11 /* XWCountryCodeController.m in Sources */ = {isa = PBXBuildFile; fileRef = FA0D56F020DA7C3F005BAC11 /* XWCountryCodeController.m */; };
		FA0D56F820DA7C47005BAC11 /* HomeViewController.m in Sources */ = {isa = PBXBuildFile; fileRef = FA0D56F520DA7C47005BAC11 /* HomeViewController.m */; };
		FA0D56F920DA7C47005BAC11 /* HomeViewController.xib in Resources */ = {isa = PBXBuildFile; fileRef = FA0D56F620DA7C47005BAC11 /* HomeViewController.xib */; };
		FA0D56FD20DA7C5C005BAC11 /* MailRegistViewController.xib in Resources */ = {isa = PBXBuildFile; fileRef = FA0D56FA20DA7C5C005BAC11 /* MailRegistViewController.xib */; };
		FA0D56FE20DA7C5C005BAC11 /* MailRegistViewController.m in Sources */ = {isa = PBXBuildFile; fileRef = FA0D56FC20DA7C5C005BAC11 /* MailRegistViewController.m */; };
		FA0D572A20DA831F005BAC11 /* AllInfoViewController.m in Sources */ = {isa = PBXBuildFile; fileRef = FA0D572820DA831F005BAC11 /* AllInfoViewController.m */; };
		FA0D572F20DA8B70005BAC11 /* UserFirstViewController.m in Sources */ = {isa = PBXBuildFile; fileRef = FA0D572D20DA8B70005BAC11 /* UserFirstViewController.m */; };
		FA0D573020DA8B70005BAC11 /* UserFirstViewController.xib in Resources */ = {isa = PBXBuildFile; fileRef = FA0D572E20DA8B70005BAC11 /* UserFirstViewController.xib */; };
		FA0D573520DA8E3F005BAC11 /* ExchangeViewController.m in Sources */ = {isa = PBXBuildFile; fileRef = FA0D573320DA8E3F005BAC11 /* ExchangeViewController.m */; };
		FA0D573620DA8E3F005BAC11 /* ExchangeViewController.xib in Resources */ = {isa = PBXBuildFile; fileRef = FA0D573420DA8E3F005BAC11 /* ExchangeViewController.xib */; };
		FA8FF92320DE39C700D5D876 /* UIView+Additions.m in Sources */ = {isa = PBXBuildFile; fileRef = FA8FF90120DE39C600D5D876 /* UIView+Additions.m */; };
		FA8FF92420DE39C700D5D876 /* AITabContentView.m in Sources */ = {isa = PBXBuildFile; fileRef = FA8FF90320DE39C600D5D876 /* AITabContentView.m */; };
		FA8FF92520DE39C700D5D876 /* AITabScrollview.m in Sources */ = {isa = PBXBuildFile; fileRef = FA8FF90420DE39C600D5D876 /* AITabScrollview.m */; };
		FA8FF92620DE39C700D5D876 /* NSLayoutConstraint+MASDebugAdditions.m in Sources */ = {isa = PBXBuildFile; fileRef = FA8FF90920DE39C600D5D876 /* NSLayoutConstraint+MASDebugAdditions.m */; };
		FA8FF92720DE39C700D5D876 /* ViewController+MASAdditions.m in Sources */ = {isa = PBXBuildFile; fileRef = FA8FF91220DE39C600D5D876 /* ViewController+MASAdditions.m */; };
		FA8FF92820DE39C700D5D876 /* MASCompositeConstraint.m in Sources */ = {isa = PBXBuildFile; fileRef = FA8FF91620DE39C600D5D876 /* MASCompositeConstraint.m */; };
		FA8FF92920DE39C700D5D876 /* MASConstraintMaker.m in Sources */ = {isa = PBXBuildFile; fileRef = FA8FF91720DE39C600D5D876 /* MASConstraintMaker.m */; };
		FA8FF92A20DE39C700D5D876 /* MASLayoutConstraint.m in Sources */ = {isa = PBXBuildFile; fileRef = FA8FF91820DE39C600D5D876 /* MASLayoutConstraint.m */; };
		FA8FF92B20DE39C700D5D876 /* NSArray+MASAdditions.m in Sources */ = {isa = PBXBuildFile; fileRef = FA8FF91920DE39C600D5D876 /* NSArray+MASAdditions.m */; };
		FA8FF92C20DE39C700D5D876 /* View+MASAdditions.m in Sources */ = {isa = PBXBuildFile; fileRef = FA8FF91A20DE39C600D5D876 /* View+MASAdditions.m */; };
		FA8FF92D20DE39C700D5D876 /* MASConstraint.m in Sources */ = {isa = PBXBuildFile; fileRef = FA8FF91D20DE39C600D5D876 /* MASConstraint.m */; };
		FA8FF92E20DE39C700D5D876 /* MASViewConstraint.m in Sources */ = {isa = PBXBuildFile; fileRef = FA8FF91F20DE39C600D5D876 /* MASViewConstraint.m */; };
		FA8FF92F20DE39C700D5D876 /* MASViewAttribute.m in Sources */ = {isa = PBXBuildFile; fileRef = FA8FF92020DE39C600D5D876 /* MASViewAttribute.m */; };
		FA8FF93020DE39C700D5D876 /* Info.plist in Resources */ = {isa = PBXBuildFile; fileRef = FA8FF92120DE39C600D5D876 /* Info.plist */; };
		FA8FF93720DE39DD00D5D876 /* ChargeViewController.xib in Resources */ = {isa = PBXBuildFile; fileRef = FA8FF93220DE39DD00D5D876 /* ChargeViewController.xib */; };
		FA8FF93820DE39DD00D5D876 /* MoneyInOutViewController.xib in Resources */ = {isa = PBXBuildFile; fileRef = FA8FF93320DE39DD00D5D876 /* MoneyInOutViewController.xib */; };
		FA8FF93920DE39DD00D5D876 /* ChargeViewController.m in Sources */ = {isa = PBXBuildFile; fileRef = FA8FF93420DE39DD00D5D876 /* ChargeViewController.m */; };
		FA8FF93A20DE39DD00D5D876 /* MoneyInOutViewController.m in Sources */ = {isa = PBXBuildFile; fileRef = FA8FF93620DE39DD00D5D876 /* MoneyInOutViewController.m */; };
		FA8FF93F20DE39F100D5D876 /* Business ViewController.m in Sources */ = {isa = PBXBuildFile; fileRef = FA8FF93D20DE39F100D5D876 /* Business ViewController.m */; };
		FA8FF94020DE39F100D5D876 /* Business ViewController.xib in Resources */ = {isa = PBXBuildFile; fileRef = FA8FF93E20DE39F100D5D876 /* Business ViewController.xib */; };
		FA8FF94820DE39F900D5D876 /* SafeViewController.m in Sources */ = {isa = PBXBuildFile; fileRef = FA8FF94320DE39F900D5D876 /* SafeViewController.m */; };
		FA8FF94920DE39F900D5D876 /* UserInfoViewController.xib in Resources */ = {isa = PBXBuildFile; fileRef = FA8FF94420DE39F900D5D876 /* UserInfoViewController.xib */; };
		FA8FF94A20DE39F900D5D876 /* SafeViewController.xib in Resources */ = {isa = PBXBuildFile; fileRef = FA8FF94520DE39F900D5D876 /* SafeViewController.xib */; };
		FA8FF94B20DE39F900D5D876 /* UserInfoViewController.m in Sources */ = {isa = PBXBuildFile; fileRef = FA8FF94620DE39F900D5D876 /* UserInfoViewController.m */; };
		FA8FF95320DE3A0D00D5D876 /* SortView.m in Sources */ = {isa = PBXBuildFile; fileRef = FA8FF94D20DE3A0D00D5D876 /* SortView.m */; };
		FA8FF95420DE3A0D00D5D876 /* StockInfoViewController.m in Sources */ = {isa = PBXBuildFile; fileRef = FA8FF94F20DE3A0D00D5D876 /* StockInfoViewController.m */; };
		FA8FF95520DE3A0D00D5D876 /* StockInfoCell.m in Sources */ = {isa = PBXBuildFile; fileRef = FA8FF95020DE3A0D00D5D876 /* StockInfoCell.m */; };
		FA8FF95620DE3A0D00D5D876 /* StockInfoCell.xib in Resources */ = {isa = PBXBuildFile; fileRef = FA8FF95220DE3A0D00D5D876 /* StockInfoCell.xib */; };
		FA8FF9AA20DF260600D5D876 /* TradePurchaseViewController.m in Sources */ = {isa = PBXBuildFile; fileRef = FA8FF9A820DF260600D5D876 /* TradePurchaseViewController.m */; };
		FA8FF9AB20DF260600D5D876 /* TradePurchaseViewController.xib in Resources */ = {isa = PBXBuildFile; fileRef = FA8FF9A920DF260600D5D876 /* TradePurchaseViewController.xib */; };
		FA8FF9AE20DF3F4E00D5D876 /* TradeViewController.m in Sources */ = {isa = PBXBuildFile; fileRef = FA8FF9AD20DF3F4E00D5D876 /* TradeViewController.m */; };
		FA8FF9BD20E9F9FE00D5D876 /* ChargeAddressViewController.xib in Resources */ = {isa = PBXBuildFile; fileRef = FA8FF9B220E9F9FE00D5D876 /* ChargeAddressViewController.xib */; };
		FA8FF9BE20E9F9FE00D5D876 /* ChargeRecordViewController.xib in Resources */ = {isa = PBXBuildFile; fileRef = FA8FF9B320E9F9FE00D5D876 /* ChargeRecordViewController.xib */; };
		FA8FF9BF20E9F9FE00D5D876 /* ChargeDetailViewController.xib in Resources */ = {isa = PBXBuildFile; fileRef = FA8FF9B420E9F9FE00D5D876 /* ChargeDetailViewController.xib */; };
		FA8FF9C020E9F9FE00D5D876 /* ChargeRecordTableViewCell.xib in Resources */ = {isa = PBXBuildFile; fileRef = FA8FF9B520E9F9FE00D5D876 /* ChargeRecordTableViewCell.xib */; };
		FA8FF9C120E9F9FE00D5D876 /* ChargeAddressViewController.m in Sources */ = {isa = PBXBuildFile; fileRef = FA8FF9B720E9F9FE00D5D876 /* ChargeAddressViewController.m */; };
		FA8FF9C220E9F9FE00D5D876 /* ChargeRecordTableViewCell.m in Sources */ = {isa = PBXBuildFile; fileRef = FA8FF9B820E9F9FE00D5D876 /* ChargeRecordTableViewCell.m */; };
		FA8FF9C320E9F9FE00D5D876 /* AppData.m in Sources */ = {isa = PBXBuildFile; fileRef = FA8FF9B920E9F9FE00D5D876 /* AppData.m */; };
		FA8FF9C420E9F9FE00D5D876 /* ChargeDetailViewController.m in Sources */ = {isa = PBXBuildFile; fileRef = FA8FF9BB20E9F9FE00D5D876 /* ChargeDetailViewController.m */; };
		FA8FF9C520E9F9FE00D5D876 /* ChargeRecordViewController.m in Sources */ = {isa = PBXBuildFile; fileRef = FA8FF9BC20E9F9FE00D5D876 /* ChargeRecordViewController.m */; };
		FA8FF9C920E9FA0800D5D876 /* SetPasswordViewController.m in Sources */ = {isa = PBXBuildFile; fileRef = FA8FF9C620E9FA0800D5D876 /* SetPasswordViewController.m */; };
		FA8FF9CA20E9FA0800D5D876 /* SetPasswordViewController.xib in Resources */ = {isa = PBXBuildFile; fileRef = FA8FF9C720E9FA0800D5D876 /* SetPasswordViewController.xib */; };
		FA8FF9D220E9FA1100D5D876 /* PendingOrderTableViewCell.m in Sources */ = {isa = PBXBuildFile; fileRef = FA8FF9CC20E9FA1000D5D876 /* PendingOrderTableViewCell.m */; };
		FA8FF9D320E9FA1100D5D876 /* PendingOrderViewController.m in Sources */ = {isa = PBXBuildFile; fileRef = FA8FF9CD20E9FA1000D5D876 /* PendingOrderViewController.m */; };
		FA8FF9D420E9FA1100D5D876 /* PendingOrderTableViewCell.xib in Resources */ = {isa = PBXBuildFile; fileRef = FA8FF9CE20E9FA1000D5D876 /* PendingOrderTableViewCell.xib */; };
		FA8FF9D520E9FA1100D5D876 /* PendingOrderHistoryViewController.m in Sources */ = {isa = PBXBuildFile; fileRef = FA8FF9D120E9FA1100D5D876 /* PendingOrderHistoryViewController.m */; };
		FA8FF9DA20E9FA2800D5D876 /* Util.m in Sources */ = {isa = PBXBuildFile; fileRef = FA8FF9D720E9FA2800D5D876 /* Util.m */; };
		FA8FF9DB20E9FA2800D5D876 /* RadioButton.m in Sources */ = {isa = PBXBuildFile; fileRef = FA8FF9D820E9FA2800D5D876 /* RadioButton.m */; };
		FA8FF9E720E9FA3F00D5D876 /* HttpRequest.m in Sources */ = {isa = PBXBuildFile; fileRef = FA8FF9DD20E9FA3F00D5D876 /* HttpRequest.m */; };
		FA8FF9E820E9FA3F00D5D876 /* StoreCell.m in Sources */ = {isa = PBXBuildFile; fileRef = FA8FF9E020E9FA3F00D5D876 /* StoreCell.m */; };
		FA8FF9E920E9FA3F00D5D876 /* StoreCell.xib in Resources */ = {isa = PBXBuildFile; fileRef = FA8FF9E320E9FA3F00D5D876 /* StoreCell.xib */; };
		FA8FF9EA20E9FA3F00D5D876 /* StorePurchaseViewController.m in Sources */ = {isa = PBXBuildFile; fileRef = FA8FF9E420E9FA3F00D5D876 /* StorePurchaseViewController.m */; };
		FA8FF9EB20E9FA3F00D5D876 /* StoreViewController.m in Sources */ = {isa = PBXBuildFile; fileRef = FA8FF9E620E9FA3F00D5D876 /* StoreViewController.m */; };
		FA8FF9EF20E9FB6700D5D876 /* GetMoneyViewController.xib in Resources */ = {isa = PBXBuildFile; fileRef = FA8FF9EC20E9FB6600D5D876 /* GetMoneyViewController.xib */; };
		FA8FF9F020E9FB6700D5D876 /* GetMoneyViewController.m in Sources */ = {isa = PBXBuildFile; fileRef = FA8FF9ED20E9FB6700D5D876 /* GetMoneyViewController.m */; };
		FA8FF9F420EA238E00D5D876 /* SetMoneyPasswordViewController.m in Sources */ = {isa = PBXBuildFile; fileRef = FA8FF9F220EA238E00D5D876 /* SetMoneyPasswordViewController.m */; };
		FA8FF9F520EA238E00D5D876 /* SetMoneyPasswordViewController.xib in Resources */ = {isa = PBXBuildFile; fileRef = FA8FF9F320EA238E00D5D876 /* SetMoneyPasswordViewController.xib */; };
		FA8FF9F920EE238E00D5D876 /* MailLoginViewController.m in Sources */ = {isa = PBXBuildFile; fileRef = FA8FF9F720EE238E00D5D876 /* MailLoginViewController.m */; };
		FA8FF9FA20EE238E00D5D876 /* MailLoginViewController.xib in Resources */ = {isa = PBXBuildFile; fileRef = FA8FF9F820EE238E00D5D876 /* MailLoginViewController.xib */; };
/* End PBXBuildFile section */

/* Begin PBXFileReference section */
		51230C1420C8D5AB00386A9A /* TTAutoRunLabel.h */ = {isa = PBXFileReference; lastKnownFileType = sourcecode.c.h; path = TTAutoRunLabel.h; sourceTree = "<group>"; };
		51230C1520C8D5AB00386A9A /* TTAutoRunLabel.m */ = {isa = PBXFileReference; lastKnownFileType = sourcecode.c.objc; path = TTAutoRunLabel.m; sourceTree = "<group>"; };
		512DE79E20CA6F7B00C59E95 /* OrderView.h */ = {isa = PBXFileReference; lastKnownFileType = sourcecode.c.h; path = OrderView.h; sourceTree = "<group>"; };
		512DE79F20CA6F7B00C59E95 /* OrderView.m */ = {isa = PBXFileReference; lastKnownFileType = sourcecode.c.objc; path = OrderView.m; sourceTree = "<group>"; };
		516433E820BBA40A0016BB8D /* ThirdViewController.h */ = {isa = PBXFileReference; lastKnownFileType = sourcecode.c.h; path = ThirdViewController.h; sourceTree = "<group>"; };
		516433E920BBA40A0016BB8D /* ThirdViewController.m */ = {isa = PBXFileReference; lastKnownFileType = sourcecode.c.objc; path = ThirdViewController.m; sourceTree = "<group>"; };
		516433EB20BBA42B0016BB8D /* ForthViewController.h */ = {isa = PBXFileReference; lastKnownFileType = sourcecode.c.h; path = ForthViewController.h; sourceTree = "<group>"; };
		516433EC20BBA42B0016BB8D /* ForthViewController.m */ = {isa = PBXFileReference; lastKnownFileType = sourcecode.c.objc; path = ForthViewController.m; sourceTree = "<group>"; };
		516433EE20BBAA000016BB8D /* FirstView.h */ = {isa = PBXFileReference; lastKnownFileType = sourcecode.c.h; path = FirstView.h; sourceTree = "<group>"; };
		516433EF20BBAA000016BB8D /* FirstView.m */ = {isa = PBXFileReference; lastKnownFileType = sourcecode.c.objc; path = FirstView.m; sourceTree = "<group>"; };
		517F9EDE20AE5E0D00CC14C9 /* StockAnalysis.app */ = {isa = PBXFileReference; explicitFileType = wrapper.application; includeInIndex = 0; path = StockAnalysis.app; sourceTree = BUILT_PRODUCTS_DIR; };
		517F9EE120AE5E0D00CC14C9 /* AppDelegate.h */ = {isa = PBXFileReference; lastKnownFileType = sourcecode.c.h; path = AppDelegate.h; sourceTree = "<group>"; };
		517F9EE220AE5E0D00CC14C9 /* AppDelegate.m */ = {isa = PBXFileReference; lastKnownFileType = sourcecode.c.objc; path = AppDelegate.m; sourceTree = "<group>"; };
		517F9EE420AE5E0D00CC14C9 /* FirstViewController.h */ = {isa = PBXFileReference; lastKnownFileType = sourcecode.c.h; path = FirstViewController.h; sourceTree = "<group>"; };
		517F9EE520AE5E0D00CC14C9 /* FirstViewController.m */ = {isa = PBXFileReference; lastKnownFileType = sourcecode.c.objc; path = FirstViewController.m; sourceTree = "<group>"; };
		517F9EE720AE5E0D00CC14C9 /* SecondViewController.h */ = {isa = PBXFileReference; lastKnownFileType = sourcecode.c.h; path = SecondViewController.h; sourceTree = "<group>"; };
		517F9EE820AE5E0D00CC14C9 /* SecondViewController.m */ = {isa = PBXFileReference; lastKnownFileType = sourcecode.c.objc; path = SecondViewController.m; sourceTree = "<group>"; };
		517F9EEB20AE5E0D00CC14C9 /* Base */ = {isa = PBXFileReference; lastKnownFileType = file.storyboard; name = Base; path = Base.lproj/Main.storyboard; sourceTree = "<group>"; };
		517F9EED20AE5E0D00CC14C9 /* Assets.xcassets */ = {isa = PBXFileReference; lastKnownFileType = folder.assetcatalog; path = Assets.xcassets; sourceTree = "<group>"; };
		517F9EF020AE5E0D00CC14C9 /* Base */ = {isa = PBXFileReference; lastKnownFileType = file.storyboard; name = Base; path = Base.lproj/LaunchScreen.storyboard; sourceTree = "<group>"; };
		517F9EF220AE5E0D00CC14C9 /* Info.plist */ = {isa = PBXFileReference; lastKnownFileType = text.plist.xml; path = Info.plist; sourceTree = "<group>"; };
		517F9EF320AE5E0D00CC14C9 /* main.m */ = {isa = PBXFileReference; lastKnownFileType = sourcecode.c.objc; path = main.m; sourceTree = "<group>"; };
		C5090E5720D201F0009D2A3E /* WSAuthCode.h */ = {isa = PBXFileReference; fileEncoding = 4; lastKnownFileType = sourcecode.c.h; path = WSAuthCode.h; sourceTree = "<group>"; };
		C5090E5820D201F0009D2A3E /* WSAuthCode.m */ = {isa = PBXFileReference; fileEncoding = 4; lastKnownFileType = sourcecode.c.objc; path = WSAuthCode.m; sourceTree = "<group>"; };
		C5090E5A20D2044D009D2A3E /* ResetPasswordViewController.h */ = {isa = PBXFileReference; lastKnownFileType = sourcecode.c.h; path = ResetPasswordViewController.h; sourceTree = "<group>"; };
		C5090E5B20D2044D009D2A3E /* ResetPasswordViewController.m */ = {isa = PBXFileReference; lastKnownFileType = sourcecode.c.objc; path = ResetPasswordViewController.m; sourceTree = "<group>"; };
		C5090E5C20D2044D009D2A3E /* ResetPasswordViewController.xib */ = {isa = PBXFileReference; lastKnownFileType = file.xib; path = ResetPasswordViewController.xib; sourceTree = "<group>"; };
		C5090E5F20D21CC1009D2A3E /* HUDUtil.h */ = {isa = PBXFileReference; fileEncoding = 4; lastKnownFileType = sourcecode.c.h; path = HUDUtil.h; sourceTree = "<group>"; };
		C5090E6020D21CC1009D2A3E /* HUDUtil.m */ = {isa = PBXFileReference; fileEncoding = 4; lastKnownFileType = sourcecode.c.objc; path = HUDUtil.m; sourceTree = "<group>"; };
		C5090E6220D21D1C009D2A3E /* MBProgressHUD.m */ = {isa = PBXFileReference; fileEncoding = 4; lastKnownFileType = sourcecode.c.objc; path = MBProgressHUD.m; sourceTree = "<group>"; };
		C5090E6320D21D1C009D2A3E /* MBProgressHUD.h */ = {isa = PBXFileReference; fileEncoding = 4; lastKnownFileType = sourcecode.c.h; path = MBProgressHUD.h; sourceTree = "<group>"; };
		C56FFBFB20EF5CD0002FB550 /* AuthViewController.h */ = {isa = PBXFileReference; lastKnownFileType = sourcecode.c.h; path = AuthViewController.h; sourceTree = "<group>"; };
		C56FFBFC20EF5CD0002FB550 /* AuthViewController.m */ = {isa = PBXFileReference; lastKnownFileType = sourcecode.c.objc; path = AuthViewController.m; sourceTree = "<group>"; };
		C56FFBFE20EF65B9002FB550 /* AuthApproveLevelOneViewController.h */ = {isa = PBXFileReference; lastKnownFileType = sourcecode.c.h; path = AuthApproveLevelOneViewController.h; sourceTree = "<group>"; };
		C56FFBFF20EF65B9002FB550 /* AuthApproveLevelOneViewController.m */ = {isa = PBXFileReference; lastKnownFileType = sourcecode.c.objc; path = AuthApproveLevelOneViewController.m; sourceTree = "<group>"; };
		C56FFC0120EF7077002FB550 /* AuthApprove21ViewController.h */ = {isa = PBXFileReference; lastKnownFileType = sourcecode.c.h; path = AuthApprove21ViewController.h; sourceTree = "<group>"; };
		C56FFC0220EF7077002FB550 /* AuthApprove21ViewController.m */ = {isa = PBXFileReference; lastKnownFileType = sourcecode.c.objc; path = AuthApprove21ViewController.m; sourceTree = "<group>"; };
		C56FFC0320EF7077002FB550 /* AuthApprove21ViewController.xib */ = {isa = PBXFileReference; lastKnownFileType = file.xib; path = AuthApprove21ViewController.xib; sourceTree = "<group>"; };
		C5D53ED120CFB22E00037C5C /* TabViewController.h */ = {isa = PBXFileReference; lastKnownFileType = sourcecode.c.h; path = TabViewController.h; sourceTree = "<group>"; };
		C5D53ED220CFB22E00037C5C /* TabViewController.m */ = {isa = PBXFileReference; lastKnownFileType = sourcecode.c.objc; path = TabViewController.m; sourceTree = "<group>"; };
		C5D53ED420CFB7C500037C5C /* PrefixHeader.pch */ = {isa = PBXFileReference; lastKnownFileType = sourcecode.c.h; path = PrefixHeader.pch; sourceTree = "<group>"; };
		C5F91A3420D0B418002DB977 /* LoginViewController.h */ = {isa = PBXFileReference; lastKnownFileType = sourcecode.c.h; path = LoginViewController.h; sourceTree = "<group>"; };
		C5F91A3520D0B418002DB977 /* LoginViewController.m */ = {isa = PBXFileReference; lastKnownFileType = sourcecode.c.objc; path = LoginViewController.m; sourceTree = "<group>"; };
		C5F91A3620D0B418002DB977 /* LoginViewController.xib */ = {isa = PBXFileReference; lastKnownFileType = file.xib; path = LoginViewController.xib; sourceTree = "<group>"; };
		C5F91A3920D0C4CE002DB977 /* RegistViewController.h */ = {isa = PBXFileReference; lastKnownFileType = sourcecode.c.h; path = RegistViewController.h; sourceTree = "<group>"; };
		C5F91A3A20D0C4CE002DB977 /* RegistViewController.m */ = {isa = PBXFileReference; lastKnownFileType = sourcecode.c.objc; path = RegistViewController.m; sourceTree = "<group>"; };
		C5F91A3B20D0C4CE002DB977 /* RegistViewController.xib */ = {isa = PBXFileReference; lastKnownFileType = file.xib; path = RegistViewController.xib; sourceTree = "<group>"; };
		FA0D56ED20DA7C3F005BAC11 /* XWCountryCodeController.h */ = {isa = PBXFileReference; fileEncoding = 4; lastKnownFileType = sourcecode.c.h; path = XWCountryCodeController.h; sourceTree = "<group>"; };
		FA0D56EE20DA7C3F005BAC11 /* sortedChnames.plist */ = {isa = PBXFileReference; lastKnownFileType = file.bplist; path = sortedChnames.plist; sourceTree = "<group>"; };
		FA0D56EF20DA7C3F005BAC11 /* sortedEnames.plist */ = {isa = PBXFileReference; lastKnownFileType = file.bplist; path = sortedEnames.plist; sourceTree = "<group>"; };
		FA0D56F020DA7C3F005BAC11 /* XWCountryCodeController.m */ = {isa = PBXFileReference; fileEncoding = 4; lastKnownFileType = sourcecode.c.objc; path = XWCountryCodeController.m; sourceTree = "<group>"; };
		FA0D56F520DA7C47005BAC11 /* HomeViewController.m */ = {isa = PBXFileReference; fileEncoding = 4; lastKnownFileType = sourcecode.c.objc; path = HomeViewController.m; sourceTree = "<group>"; };
		FA0D56F620DA7C47005BAC11 /* HomeViewController.xib */ = {isa = PBXFileReference; fileEncoding = 4; lastKnownFileType = file.xib; path = HomeViewController.xib; sourceTree = "<group>"; };
		FA0D56F720DA7C47005BAC11 /* HomeViewController.h */ = {isa = PBXFileReference; fileEncoding = 4; lastKnownFileType = sourcecode.c.h; path = HomeViewController.h; sourceTree = "<group>"; };
		FA0D56FA20DA7C5C005BAC11 /* MailRegistViewController.xib */ = {isa = PBXFileReference; fileEncoding = 4; lastKnownFileType = file.xib; path = MailRegistViewController.xib; sourceTree = "<group>"; };
		FA0D56FB20DA7C5C005BAC11 /* MailRegistViewController.h */ = {isa = PBXFileReference; fileEncoding = 4; lastKnownFileType = sourcecode.c.h; path = MailRegistViewController.h; sourceTree = "<group>"; };
		FA0D56FC20DA7C5C005BAC11 /* MailRegistViewController.m */ = {isa = PBXFileReference; fileEncoding = 4; lastKnownFileType = sourcecode.c.objc; path = MailRegistViewController.m; sourceTree = "<group>"; };
		FA0D572720DA831F005BAC11 /* AllInfoViewController.h */ = {isa = PBXFileReference; lastKnownFileType = sourcecode.c.h; path = AllInfoViewController.h; sourceTree = "<group>"; };
		FA0D572820DA831F005BAC11 /* AllInfoViewController.m */ = {isa = PBXFileReference; lastKnownFileType = sourcecode.c.objc; path = AllInfoViewController.m; sourceTree = "<group>"; };
		FA0D572C20DA8B70005BAC11 /* UserFirstViewController.h */ = {isa = PBXFileReference; lastKnownFileType = sourcecode.c.h; path = UserFirstViewController.h; sourceTree = "<group>"; };
		FA0D572D20DA8B70005BAC11 /* UserFirstViewController.m */ = {isa = PBXFileReference; lastKnownFileType = sourcecode.c.objc; path = UserFirstViewController.m; sourceTree = "<group>"; };
		FA0D572E20DA8B70005BAC11 /* UserFirstViewController.xib */ = {isa = PBXFileReference; lastKnownFileType = file.xib; path = UserFirstViewController.xib; sourceTree = "<group>"; };
		FA0D573220DA8E3F005BAC11 /* ExchangeViewController.h */ = {isa = PBXFileReference; lastKnownFileType = sourcecode.c.h; path = ExchangeViewController.h; sourceTree = "<group>"; };
		FA0D573320DA8E3F005BAC11 /* ExchangeViewController.m */ = {isa = PBXFileReference; lastKnownFileType = sourcecode.c.objc; path = ExchangeViewController.m; sourceTree = "<group>"; };
		FA0D573420DA8E3F005BAC11 /* ExchangeViewController.xib */ = {isa = PBXFileReference; lastKnownFileType = file.xib; path = ExchangeViewController.xib; sourceTree = "<group>"; };
		FA8FF90120DE39C600D5D876 /* UIView+Additions.m */ = {isa = PBXFileReference; fileEncoding = 4; lastKnownFileType = sourcecode.c.objc; path = "UIView+Additions.m"; sourceTree = "<group>"; };
		FA8FF90320DE39C600D5D876 /* AITabContentView.m */ = {isa = PBXFileReference; fileEncoding = 4; lastKnownFileType = sourcecode.c.objc; path = AITabContentView.m; sourceTree = "<group>"; };
		FA8FF90420DE39C600D5D876 /* AITabScrollview.m */ = {isa = PBXFileReference; fileEncoding = 4; lastKnownFileType = sourcecode.c.objc; path = AITabScrollview.m; sourceTree = "<group>"; };
		FA8FF90520DE39C600D5D876 /* AITabContentView.h */ = {isa = PBXFileReference; fileEncoding = 4; lastKnownFileType = sourcecode.c.h; path = AITabContentView.h; sourceTree = "<group>"; };
		FA8FF90620DE39C600D5D876 /* AITabScrollview.h */ = {isa = PBXFileReference; fileEncoding = 4; lastKnownFileType = sourcecode.c.h; path = AITabScrollview.h; sourceTree = "<group>"; };
		FA8FF90820DE39C600D5D876 /* MASCompositeConstraint.h */ = {isa = PBXFileReference; fileEncoding = 4; lastKnownFileType = sourcecode.c.h; path = MASCompositeConstraint.h; sourceTree = "<group>"; };
		FA8FF90920DE39C600D5D876 /* NSLayoutConstraint+MASDebugAdditions.m */ = {isa = PBXFileReference; fileEncoding = 4; lastKnownFileType = sourcecode.c.objc; path = "NSLayoutConstraint+MASDebugAdditions.m"; sourceTree = "<group>"; };
		FA8FF90A20DE39C600D5D876 /* MASConstraint+Private.h */ = {isa = PBXFileReference; fileEncoding = 4; lastKnownFileType = sourcecode.c.h; path = "MASConstraint+Private.h"; sourceTree = "<group>"; };
		FA8FF90B20DE39C600D5D876 /* MASLayoutConstraint.h */ = {isa = PBXFileReference; fileEncoding = 4; lastKnownFileType = sourcecode.c.h; path = MASLayoutConstraint.h; sourceTree = "<group>"; };
		FA8FF90C20DE39C600D5D876 /* NSArray+MASShorthandAdditions.h */ = {isa = PBXFileReference; fileEncoding = 4; lastKnownFileType = sourcecode.c.h; path = "NSArray+MASShorthandAdditions.h"; sourceTree = "<group>"; };
		FA8FF90D20DE39C600D5D876 /* MASConstraintMaker.h */ = {isa = PBXFileReference; fileEncoding = 4; lastKnownFileType = sourcecode.c.h; path = MASConstraintMaker.h; sourceTree = "<group>"; };
		FA8FF90E20DE39C600D5D876 /* View+MASAdditions.h */ = {isa = PBXFileReference; fileEncoding = 4; lastKnownFileType = sourcecode.c.h; path = "View+MASAdditions.h"; sourceTree = "<group>"; };
		FA8FF90F20DE39C600D5D876 /* NSArray+MASAdditions.h */ = {isa = PBXFileReference; fileEncoding = 4; lastKnownFileType = sourcecode.c.h; path = "NSArray+MASAdditions.h"; sourceTree = "<group>"; };
		FA8FF91020DE39C600D5D876 /* MASUtilities.h */ = {isa = PBXFileReference; fileEncoding = 4; lastKnownFileType = sourcecode.c.h; path = MASUtilities.h; sourceTree = "<group>"; };
		FA8FF91120DE39C600D5D876 /* MASViewAttribute.h */ = {isa = PBXFileReference; fileEncoding = 4; lastKnownFileType = sourcecode.c.h; path = MASViewAttribute.h; sourceTree = "<group>"; };
		FA8FF91220DE39C600D5D876 /* ViewController+MASAdditions.m */ = {isa = PBXFileReference; fileEncoding = 4; lastKnownFileType = sourcecode.c.objc; path = "ViewController+MASAdditions.m"; sourceTree = "<group>"; };
		FA8FF91320DE39C600D5D876 /* MASViewConstraint.h */ = {isa = PBXFileReference; fileEncoding = 4; lastKnownFileType = sourcecode.c.h; path = MASViewConstraint.h; sourceTree = "<group>"; };
		FA8FF91420DE39C600D5D876 /* MASConstraint.h */ = {isa = PBXFileReference; fileEncoding = 4; lastKnownFileType = sourcecode.c.h; path = MASConstraint.h; sourceTree = "<group>"; };
		FA8FF91520DE39C600D5D876 /* NSLayoutConstraint+MASDebugAdditions.h */ = {isa = PBXFileReference; fileEncoding = 4; lastKnownFileType = sourcecode.c.h; path = "NSLayoutConstraint+MASDebugAdditions.h"; sourceTree = "<group>"; };
		FA8FF91620DE39C600D5D876 /* MASCompositeConstraint.m */ = {isa = PBXFileReference; fileEncoding = 4; lastKnownFileType = sourcecode.c.objc; path = MASCompositeConstraint.m; sourceTree = "<group>"; };
		FA8FF91720DE39C600D5D876 /* MASConstraintMaker.m */ = {isa = PBXFileReference; fileEncoding = 4; lastKnownFileType = sourcecode.c.objc; path = MASConstraintMaker.m; sourceTree = "<group>"; };
		FA8FF91820DE39C600D5D876 /* MASLayoutConstraint.m */ = {isa = PBXFileReference; fileEncoding = 4; lastKnownFileType = sourcecode.c.objc; path = MASLayoutConstraint.m; sourceTree = "<group>"; };
		FA8FF91920DE39C600D5D876 /* NSArray+MASAdditions.m */ = {isa = PBXFileReference; fileEncoding = 4; lastKnownFileType = sourcecode.c.objc; path = "NSArray+MASAdditions.m"; sourceTree = "<group>"; };
		FA8FF91A20DE39C600D5D876 /* View+MASAdditions.m */ = {isa = PBXFileReference; fileEncoding = 4; lastKnownFileType = sourcecode.c.objc; path = "View+MASAdditions.m"; sourceTree = "<group>"; };
		FA8FF91B20DE39C600D5D876 /* View+MASShorthandAdditions.h */ = {isa = PBXFileReference; fileEncoding = 4; lastKnownFileType = sourcecode.c.h; path = "View+MASShorthandAdditions.h"; sourceTree = "<group>"; };
		FA8FF91C20DE39C600D5D876 /* Masonry.h */ = {isa = PBXFileReference; fileEncoding = 4; lastKnownFileType = sourcecode.c.h; path = Masonry.h; sourceTree = "<group>"; };
		FA8FF91D20DE39C600D5D876 /* MASConstraint.m */ = {isa = PBXFileReference; fileEncoding = 4; lastKnownFileType = sourcecode.c.objc; path = MASConstraint.m; sourceTree = "<group>"; };
		FA8FF91E20DE39C600D5D876 /* ViewController+MASAdditions.h */ = {isa = PBXFileReference; fileEncoding = 4; lastKnownFileType = sourcecode.c.h; path = "ViewController+MASAdditions.h"; sourceTree = "<group>"; };
		FA8FF91F20DE39C600D5D876 /* MASViewConstraint.m */ = {isa = PBXFileReference; fileEncoding = 4; lastKnownFileType = sourcecode.c.objc; path = MASViewConstraint.m; sourceTree = "<group>"; };
		FA8FF92020DE39C600D5D876 /* MASViewAttribute.m */ = {isa = PBXFileReference; fileEncoding = 4; lastKnownFileType = sourcecode.c.objc; path = MASViewAttribute.m; sourceTree = "<group>"; };
		FA8FF92120DE39C600D5D876 /* Info.plist */ = {isa = PBXFileReference; fileEncoding = 4; lastKnownFileType = text.plist.xml; path = Info.plist; sourceTree = "<group>"; };
		FA8FF92220DE39C600D5D876 /* UIView+Additions.h */ = {isa = PBXFileReference; fileEncoding = 4; lastKnownFileType = sourcecode.c.h; path = "UIView+Additions.h"; sourceTree = "<group>"; };
		FA8FF93120DE39DD00D5D876 /* ChargeViewController.h */ = {isa = PBXFileReference; fileEncoding = 4; lastKnownFileType = sourcecode.c.h; path = ChargeViewController.h; sourceTree = "<group>"; };
		FA8FF93220DE39DD00D5D876 /* ChargeViewController.xib */ = {isa = PBXFileReference; fileEncoding = 4; lastKnownFileType = file.xib; path = ChargeViewController.xib; sourceTree = "<group>"; };
		FA8FF93320DE39DD00D5D876 /* MoneyInOutViewController.xib */ = {isa = PBXFileReference; fileEncoding = 4; lastKnownFileType = file.xib; path = MoneyInOutViewController.xib; sourceTree = "<group>"; };
		FA8FF93420DE39DD00D5D876 /* ChargeViewController.m */ = {isa = PBXFileReference; fileEncoding = 4; lastKnownFileType = sourcecode.c.objc; path = ChargeViewController.m; sourceTree = "<group>"; };
		FA8FF93520DE39DD00D5D876 /* MoneyInOutViewController.h */ = {isa = PBXFileReference; fileEncoding = 4; lastKnownFileType = sourcecode.c.h; path = MoneyInOutViewController.h; sourceTree = "<group>"; };
		FA8FF93620DE39DD00D5D876 /* MoneyInOutViewController.m */ = {isa = PBXFileReference; fileEncoding = 4; lastKnownFileType = sourcecode.c.objc; path = MoneyInOutViewController.m; sourceTree = "<group>"; };
		FA8FF93C20DE39F100D5D876 /* Business ViewController.h */ = {isa = PBXFileReference; fileEncoding = 4; lastKnownFileType = sourcecode.c.h; path = "Business ViewController.h"; sourceTree = "<group>"; };
		FA8FF93D20DE39F100D5D876 /* Business ViewController.m */ = {isa = PBXFileReference; fileEncoding = 4; lastKnownFileType = sourcecode.c.objc; path = "Business ViewController.m"; sourceTree = "<group>"; };
		FA8FF93E20DE39F100D5D876 /* Business ViewController.xib */ = {isa = PBXFileReference; fileEncoding = 4; lastKnownFileType = file.xib; path = "Business ViewController.xib"; sourceTree = "<group>"; };
		FA8FF94220DE39F900D5D876 /* UserInfoViewController.h */ = {isa = PBXFileReference; fileEncoding = 4; lastKnownFileType = sourcecode.c.h; path = UserInfoViewController.h; sourceTree = "<group>"; };
		FA8FF94320DE39F900D5D876 /* SafeViewController.m */ = {isa = PBXFileReference; fileEncoding = 4; lastKnownFileType = sourcecode.c.objc; path = SafeViewController.m; sourceTree = "<group>"; };
		FA8FF94420DE39F900D5D876 /* UserInfoViewController.xib */ = {isa = PBXFileReference; fileEncoding = 4; lastKnownFileType = file.xib; path = UserInfoViewController.xib; sourceTree = "<group>"; };
		FA8FF94520DE39F900D5D876 /* SafeViewController.xib */ = {isa = PBXFileReference; fileEncoding = 4; lastKnownFileType = file.xib; path = SafeViewController.xib; sourceTree = "<group>"; };
		FA8FF94620DE39F900D5D876 /* UserInfoViewController.m */ = {isa = PBXFileReference; fileEncoding = 4; lastKnownFileType = sourcecode.c.objc; path = UserInfoViewController.m; sourceTree = "<group>"; };
		FA8FF94720DE39F900D5D876 /* SafeViewController.h */ = {isa = PBXFileReference; fileEncoding = 4; lastKnownFileType = sourcecode.c.h; path = SafeViewController.h; sourceTree = "<group>"; };
		FA8FF94C20DE3A0D00D5D876 /* SortView.h */ = {isa = PBXFileReference; fileEncoding = 4; lastKnownFileType = sourcecode.c.h; path = SortView.h; sourceTree = "<group>"; };
		FA8FF94D20DE3A0D00D5D876 /* SortView.m */ = {isa = PBXFileReference; fileEncoding = 4; lastKnownFileType = sourcecode.c.objc; path = SortView.m; sourceTree = "<group>"; };
		FA8FF94E20DE3A0D00D5D876 /* StockInfoCell.h */ = {isa = PBXFileReference; fileEncoding = 4; lastKnownFileType = sourcecode.c.h; path = StockInfoCell.h; sourceTree = "<group>"; };
		FA8FF94F20DE3A0D00D5D876 /* StockInfoViewController.m */ = {isa = PBXFileReference; fileEncoding = 4; lastKnownFileType = sourcecode.c.objc; path = StockInfoViewController.m; sourceTree = "<group>"; };
		FA8FF95020DE3A0D00D5D876 /* StockInfoCell.m */ = {isa = PBXFileReference; fileEncoding = 4; lastKnownFileType = sourcecode.c.objc; path = StockInfoCell.m; sourceTree = "<group>"; };
		FA8FF95120DE3A0D00D5D876 /* StockInfoViewController.h */ = {isa = PBXFileReference; fileEncoding = 4; lastKnownFileType = sourcecode.c.h; path = StockInfoViewController.h; sourceTree = "<group>"; };
		FA8FF95220DE3A0D00D5D876 /* StockInfoCell.xib */ = {isa = PBXFileReference; fileEncoding = 4; lastKnownFileType = file.xib; path = StockInfoCell.xib; sourceTree = "<group>"; };
		FA8FF9A720DF260600D5D876 /* TradePurchaseViewController.h */ = {isa = PBXFileReference; lastKnownFileType = sourcecode.c.h; path = TradePurchaseViewController.h; sourceTree = "<group>"; };
		FA8FF9A820DF260600D5D876 /* TradePurchaseViewController.m */ = {isa = PBXFileReference; lastKnownFileType = sourcecode.c.objc; path = TradePurchaseViewController.m; sourceTree = "<group>"; };
		FA8FF9A920DF260600D5D876 /* TradePurchaseViewController.xib */ = {isa = PBXFileReference; lastKnownFileType = file.xib; path = TradePurchaseViewController.xib; sourceTree = "<group>"; };
		FA8FF9AC20DF3F4E00D5D876 /* TradeViewController.h */ = {isa = PBXFileReference; lastKnownFileType = sourcecode.c.h; path = TradeViewController.h; sourceTree = "<group>"; };
		FA8FF9AD20DF3F4E00D5D876 /* TradeViewController.m */ = {isa = PBXFileReference; lastKnownFileType = sourcecode.c.objc; path = TradeViewController.m; sourceTree = "<group>"; };
		FA8FF9AF20E9F9FD00D5D876 /* ChargeDetailViewController.h */ = {isa = PBXFileReference; fileEncoding = 4; lastKnownFileType = sourcecode.c.h; path = ChargeDetailViewController.h; sourceTree = "<group>"; };
		FA8FF9B020E9F9FD00D5D876 /* ChargeRecordViewController.h */ = {isa = PBXFileReference; fileEncoding = 4; lastKnownFileType = sourcecode.c.h; path = ChargeRecordViewController.h; sourceTree = "<group>"; };
		FA8FF9B120E9F9FE00D5D876 /* ChargeRecordTableViewCell.h */ = {isa = PBXFileReference; fileEncoding = 4; lastKnownFileType = sourcecode.c.h; path = ChargeRecordTableViewCell.h; sourceTree = "<group>"; };
		FA8FF9B220E9F9FE00D5D876 /* ChargeAddressViewController.xib */ = {isa = PBXFileReference; fileEncoding = 4; lastKnownFileType = file.xib; path = ChargeAddressViewController.xib; sourceTree = "<group>"; };
		FA8FF9B320E9F9FE00D5D876 /* ChargeRecordViewController.xib */ = {isa = PBXFileReference; fileEncoding = 4; lastKnownFileType = file.xib; path = ChargeRecordViewController.xib; sourceTree = "<group>"; };
		FA8FF9B420E9F9FE00D5D876 /* ChargeDetailViewController.xib */ = {isa = PBXFileReference; fileEncoding = 4; lastKnownFileType = file.xib; path = ChargeDetailViewController.xib; sourceTree = "<group>"; };
		FA8FF9B520E9F9FE00D5D876 /* ChargeRecordTableViewCell.xib */ = {isa = PBXFileReference; fileEncoding = 4; lastKnownFileType = file.xib; path = ChargeRecordTableViewCell.xib; sourceTree = "<group>"; };
		FA8FF9B620E9F9FE00D5D876 /* ChargeAddressViewController.h */ = {isa = PBXFileReference; fileEncoding = 4; lastKnownFileType = sourcecode.c.h; path = ChargeAddressViewController.h; sourceTree = "<group>"; };
		FA8FF9B720E9F9FE00D5D876 /* ChargeAddressViewController.m */ = {isa = PBXFileReference; fileEncoding = 4; lastKnownFileType = sourcecode.c.objc; path = ChargeAddressViewController.m; sourceTree = "<group>"; };
		FA8FF9B820E9F9FE00D5D876 /* ChargeRecordTableViewCell.m */ = {isa = PBXFileReference; fileEncoding = 4; lastKnownFileType = sourcecode.c.objc; path = ChargeRecordTableViewCell.m; sourceTree = "<group>"; };
		FA8FF9B920E9F9FE00D5D876 /* AppData.m */ = {isa = PBXFileReference; fileEncoding = 4; lastKnownFileType = sourcecode.c.objc; path = AppData.m; sourceTree = "<group>"; };
		FA8FF9BA20E9F9FE00D5D876 /* AppData.h */ = {isa = PBXFileReference; fileEncoding = 4; lastKnownFileType = sourcecode.c.h; path = AppData.h; sourceTree = "<group>"; };
		FA8FF9BB20E9F9FE00D5D876 /* ChargeDetailViewController.m */ = {isa = PBXFileReference; fileEncoding = 4; lastKnownFileType = sourcecode.c.objc; path = ChargeDetailViewController.m; sourceTree = "<group>"; };
		FA8FF9BC20E9F9FE00D5D876 /* ChargeRecordViewController.m */ = {isa = PBXFileReference; fileEncoding = 4; lastKnownFileType = sourcecode.c.objc; path = ChargeRecordViewController.m; sourceTree = "<group>"; };
		FA8FF9C620E9FA0800D5D876 /* SetPasswordViewController.m */ = {isa = PBXFileReference; fileEncoding = 4; lastKnownFileType = sourcecode.c.objc; path = SetPasswordViewController.m; sourceTree = "<group>"; };
		FA8FF9C720E9FA0800D5D876 /* SetPasswordViewController.xib */ = {isa = PBXFileReference; fileEncoding = 4; lastKnownFileType = file.xib; path = SetPasswordViewController.xib; sourceTree = "<group>"; };
		FA8FF9C820E9FA0800D5D876 /* SetPasswordViewController.h */ = {isa = PBXFileReference; fileEncoding = 4; lastKnownFileType = sourcecode.c.h; path = SetPasswordViewController.h; sourceTree = "<group>"; };
		FA8FF9CB20E9FA1000D5D876 /* PendingOrderViewController.h */ = {isa = PBXFileReference; fileEncoding = 4; lastKnownFileType = sourcecode.c.h; path = PendingOrderViewController.h; sourceTree = "<group>"; };
		FA8FF9CC20E9FA1000D5D876 /* PendingOrderTableViewCell.m */ = {isa = PBXFileReference; fileEncoding = 4; lastKnownFileType = sourcecode.c.objc; path = PendingOrderTableViewCell.m; sourceTree = "<group>"; };
		FA8FF9CD20E9FA1000D5D876 /* PendingOrderViewController.m */ = {isa = PBXFileReference; fileEncoding = 4; lastKnownFileType = sourcecode.c.objc; path = PendingOrderViewController.m; sourceTree = "<group>"; };
		FA8FF9CE20E9FA1000D5D876 /* PendingOrderTableViewCell.xib */ = {isa = PBXFileReference; fileEncoding = 4; lastKnownFileType = file.xib; path = PendingOrderTableViewCell.xib; sourceTree = "<group>"; };
		FA8FF9CF20E9FA1000D5D876 /* PendingOrderTableViewCell.h */ = {isa = PBXFileReference; fileEncoding = 4; lastKnownFileType = sourcecode.c.h; path = PendingOrderTableViewCell.h; sourceTree = "<group>"; };
		FA8FF9D020E9FA1100D5D876 /* PendingOrderHistoryViewController.h */ = {isa = PBXFileReference; fileEncoding = 4; lastKnownFileType = sourcecode.c.h; path = PendingOrderHistoryViewController.h; sourceTree = "<group>"; };
		FA8FF9D120E9FA1100D5D876 /* PendingOrderHistoryViewController.m */ = {isa = PBXFileReference; fileEncoding = 4; lastKnownFileType = sourcecode.c.objc; path = PendingOrderHistoryViewController.m; sourceTree = "<group>"; };
		FA8FF9D620E9FA2800D5D876 /* Util.h */ = {isa = PBXFileReference; fileEncoding = 4; lastKnownFileType = sourcecode.c.h; path = Util.h; sourceTree = "<group>"; };
		FA8FF9D720E9FA2800D5D876 /* Util.m */ = {isa = PBXFileReference; fileEncoding = 4; lastKnownFileType = sourcecode.c.objc; path = Util.m; sourceTree = "<group>"; };
		FA8FF9D820E9FA2800D5D876 /* RadioButton.m */ = {isa = PBXFileReference; fileEncoding = 4; lastKnownFileType = sourcecode.c.objc; path = RadioButton.m; sourceTree = "<group>"; };
		FA8FF9D920E9FA2800D5D876 /* RadioButton.h */ = {isa = PBXFileReference; fileEncoding = 4; lastKnownFileType = sourcecode.c.h; path = RadioButton.h; sourceTree = "<group>"; };
		FA8FF9DD20E9FA3F00D5D876 /* HttpRequest.m */ = {isa = PBXFileReference; fileEncoding = 4; lastKnownFileType = sourcecode.c.objc; path = HttpRequest.m; sourceTree = "<group>"; };
		FA8FF9DE20E9FA3F00D5D876 /* HttpRequest.h */ = {isa = PBXFileReference; fileEncoding = 4; lastKnownFileType = sourcecode.c.h; path = HttpRequest.h; sourceTree = "<group>"; };
		FA8FF9E020E9FA3F00D5D876 /* StoreCell.m */ = {isa = PBXFileReference; fileEncoding = 4; lastKnownFileType = sourcecode.c.objc; path = StoreCell.m; sourceTree = "<group>"; };
		FA8FF9E120E9FA3F00D5D876 /* StorePurchaseViewController.h */ = {isa = PBXFileReference; fileEncoding = 4; lastKnownFileType = sourcecode.c.h; path = StorePurchaseViewController.h; sourceTree = "<group>"; };
		FA8FF9E220E9FA3F00D5D876 /* StoreViewController.h */ = {isa = PBXFileReference; fileEncoding = 4; lastKnownFileType = sourcecode.c.h; path = StoreViewController.h; sourceTree = "<group>"; };
		FA8FF9E320E9FA3F00D5D876 /* StoreCell.xib */ = {isa = PBXFileReference; fileEncoding = 4; lastKnownFileType = file.xib; path = StoreCell.xib; sourceTree = "<group>"; };
		FA8FF9E420E9FA3F00D5D876 /* StorePurchaseViewController.m */ = {isa = PBXFileReference; fileEncoding = 4; lastKnownFileType = sourcecode.c.objc; path = StorePurchaseViewController.m; sourceTree = "<group>"; };
		FA8FF9E520E9FA3F00D5D876 /* StoreCell.h */ = {isa = PBXFileReference; fileEncoding = 4; lastKnownFileType = sourcecode.c.h; path = StoreCell.h; sourceTree = "<group>"; };
		FA8FF9E620E9FA3F00D5D876 /* StoreViewController.m */ = {isa = PBXFileReference; fileEncoding = 4; lastKnownFileType = sourcecode.c.objc; path = StoreViewController.m; sourceTree = "<group>"; };
		FA8FF9EC20E9FB6600D5D876 /* GetMoneyViewController.xib */ = {isa = PBXFileReference; fileEncoding = 4; lastKnownFileType = file.xib; path = GetMoneyViewController.xib; sourceTree = "<group>"; };
		FA8FF9ED20E9FB6700D5D876 /* GetMoneyViewController.m */ = {isa = PBXFileReference; fileEncoding = 4; lastKnownFileType = sourcecode.c.objc; path = GetMoneyViewController.m; sourceTree = "<group>"; };
		FA8FF9EE20E9FB6700D5D876 /* GetMoneyViewController.h */ = {isa = PBXFileReference; fileEncoding = 4; lastKnownFileType = sourcecode.c.h; path = GetMoneyViewController.h; sourceTree = "<group>"; };
		FA8FF9F120EA238E00D5D876 /* SetMoneyPasswordViewController.h */ = {isa = PBXFileReference; lastKnownFileType = sourcecode.c.h; path = SetMoneyPasswordViewController.h; sourceTree = "<group>"; };
		FA8FF9F220EA238E00D5D876 /* SetMoneyPasswordViewController.m */ = {isa = PBXFileReference; lastKnownFileType = sourcecode.c.objc; path = SetMoneyPasswordViewController.m; sourceTree = "<group>"; };
		FA8FF9F320EA238E00D5D876 /* SetMoneyPasswordViewController.xib */ = {isa = PBXFileReference; lastKnownFileType = file.xib; path = SetMoneyPasswordViewController.xib; sourceTree = "<group>"; };
		FA8FF9F620EE238E00D5D876 /* MailLoginViewController.h */ = {isa = PBXFileReference; lastKnownFileType = sourcecode.c.h; path = MailLoginViewController.h; sourceTree = "<group>"; };
		FA8FF9F720EE238E00D5D876 /* MailLoginViewController.m */ = {isa = PBXFileReference; lastKnownFileType = sourcecode.c.objc; path = MailLoginViewController.m; sourceTree = "<group>"; };
		FA8FF9F820EE238E00D5D876 /* MailLoginViewController.xib */ = {isa = PBXFileReference; lastKnownFileType = file.xib; path = MailLoginViewController.xib; sourceTree = "<group>"; };
/* End PBXFileReference section */

/* Begin PBXFrameworksBuildPhase section */
		517F9EDB20AE5E0D00CC14C9 /* Frameworks */ = {
			isa = PBXFrameworksBuildPhase;
			buildActionMask = 2147483647;
			files = (
			);
			runOnlyForDeploymentPostprocessing = 0;
		};
/* End PBXFrameworksBuildPhase section */

/* Begin PBXGroup section */
		51230C1320C8D58C00386A9A /* tool */ = {
			isa = PBXGroup;
			children = (
				FA8FF9D920E9FA2800D5D876 /* RadioButton.h */,
				FA8FF9D820E9FA2800D5D876 /* RadioButton.m */,
				FA8FF9D620E9FA2800D5D876 /* Util.h */,
				FA8FF9D720E9FA2800D5D876 /* Util.m */,
				C5090E5F20D21CC1009D2A3E /* HUDUtil.h */,
				C5090E6020D21CC1009D2A3E /* HUDUtil.m */,
				51230C1420C8D5AB00386A9A /* TTAutoRunLabel.h */,
				51230C1520C8D5AB00386A9A /* TTAutoRunLabel.m */,
				512DE79E20CA6F7B00C59E95 /* OrderView.h */,
				512DE79F20CA6F7B00C59E95 /* OrderView.m */,
			);
			path = tool;
			sourceTree = "<group>";
		};
		517F9ED520AE5E0D00CC14C9 = {
			isa = PBXGroup;
			children = (
				517F9EE020AE5E0D00CC14C9 /* StockAnalysis */,
				517F9EDF20AE5E0D00CC14C9 /* Products */,
			);
			sourceTree = "<group>";
		};
		517F9EDF20AE5E0D00CC14C9 /* Products */ = {
			isa = PBXGroup;
			children = (
				517F9EDE20AE5E0D00CC14C9 /* StockAnalysis.app */,
			);
			name = Products;
			sourceTree = "<group>";
		};
		517F9EE020AE5E0D00CC14C9 /* StockAnalysis */ = {
			isa = PBXGroup;
			children = (
				FA8FF9DC20E9FA3F00D5D876 /* http */,
				FA8FF9DF20E9FA3F00D5D876 /* Store */,
				FA8FF9A620DF257A00D5D876 /* Trade */,
				FA8FF94120DE39F900D5D876 /* UserInfo */,
				FA8FF93B20DE39F100D5D876 /* Business */,
				FA0D573120DA8E2E005BAC11 /* Exchange */,
				FA0D572620DA82F0005BAC11 /* Analysis */,
				FA0D56F420DA7C47005BAC11 /* FirstView */,
				C5090E5620D201F0009D2A3E /* ThirdParty */,
				C5F91A3320D0B375002DB977 /* Login */,
				51230C1320C8D58C00386A9A /* tool */,
				517F9EE120AE5E0D00CC14C9 /* AppDelegate.h */,
				517F9EE220AE5E0D00CC14C9 /* AppDelegate.m */,
				517F9EE420AE5E0D00CC14C9 /* FirstViewController.h */,
				517F9EE520AE5E0D00CC14C9 /* FirstViewController.m */,
				517F9EE720AE5E0D00CC14C9 /* SecondViewController.h */,
				517F9EE820AE5E0D00CC14C9 /* SecondViewController.m */,
				516433E820BBA40A0016BB8D /* ThirdViewController.h */,
				516433E920BBA40A0016BB8D /* ThirdViewController.m */,
				516433EB20BBA42B0016BB8D /* ForthViewController.h */,
				516433EC20BBA42B0016BB8D /* ForthViewController.m */,
				517F9EEA20AE5E0D00CC14C9 /* Main.storyboard */,
				517F9EED20AE5E0D00CC14C9 /* Assets.xcassets */,
				517F9EEF20AE5E0D00CC14C9 /* LaunchScreen.storyboard */,
				517F9EF220AE5E0D00CC14C9 /* Info.plist */,
				517F9EF320AE5E0D00CC14C9 /* main.m */,
				516433EE20BBAA000016BB8D /* FirstView.h */,
				516433EF20BBAA000016BB8D /* FirstView.m */,
				C5D53ED120CFB22E00037C5C /* TabViewController.h */,
				C5D53ED220CFB22E00037C5C /* TabViewController.m */,
				C5D53ED420CFB7C500037C5C /* PrefixHeader.pch */,
			);
			path = StockAnalysis;
			sourceTree = "<group>";
		};
		C5090E5620D201F0009D2A3E /* ThirdParty */ = {
			isa = PBXGroup;
			children = (
				FA8FF90220DE39C600D5D876 /* AlTabScrollview */,
				FA8FF90720DE39C600D5D876 /* Masonry */,
				FA8FF92220DE39C600D5D876 /* UIView+Additions.h */,
				FA8FF90120DE39C600D5D876 /* UIView+Additions.m */,
				FA0D56EC20DA7C3F005BAC11 /* XWCountryCode */,
				C5090E6320D21D1C009D2A3E /* MBProgressHUD.h */,
				C5090E6220D21D1C009D2A3E /* MBProgressHUD.m */,
				C5090E5720D201F0009D2A3E /* WSAuthCode.h */,
				C5090E5820D201F0009D2A3E /* WSAuthCode.m */,
			);
			path = ThirdParty;
			sourceTree = "<group>";
		};
		C56FFBFA20EF5CB0002FB550 /* Auth */ = {
			isa = PBXGroup;
			children = (
				C56FFBFB20EF5CD0002FB550 /* AuthViewController.h */,
				C56FFBFC20EF5CD0002FB550 /* AuthViewController.m */,
				C56FFBFE20EF65B9002FB550 /* AuthApproveLevelOneViewController.h */,
				C56FFBFF20EF65B9002FB550 /* AuthApproveLevelOneViewController.m */,
				C56FFC0120EF7077002FB550 /* AuthApprove21ViewController.h */,
				C56FFC0220EF7077002FB550 /* AuthApprove21ViewController.m */,
				C56FFC0320EF7077002FB550 /* AuthApprove21ViewController.xib */,
			);
			path = Auth;
			sourceTree = "<group>";
		};
		C5F91A3320D0B375002DB977 /* Login */ = {
			isa = PBXGroup;
			children = (
				FA0D56FB20DA7C5C005BAC11 /* MailRegistViewController.h */,
				FA0D56FC20DA7C5C005BAC11 /* MailRegistViewController.m */,
				FA0D56FA20DA7C5C005BAC11 /* MailRegistViewController.xib */,
				C5F91A3420D0B418002DB977 /* LoginViewController.h */,
				C5F91A3520D0B418002DB977 /* LoginViewController.m */,
				C5F91A3620D0B418002DB977 /* LoginViewController.xib */,
				FA8FF9F620EE238E00D5D876 /* MailLoginViewController.h */,
				FA8FF9F720EE238E00D5D876 /* MailLoginViewController.m */,
				FA8FF9F820EE238E00D5D876 /* MailLoginViewController.xib */,
				C5F91A3920D0C4CE002DB977 /* RegistViewController.h */,
				C5F91A3A20D0C4CE002DB977 /* RegistViewController.m */,
				C5F91A3B20D0C4CE002DB977 /* RegistViewController.xib */,
				C5090E5A20D2044D009D2A3E /* ResetPasswordViewController.h */,
				C5090E5B20D2044D009D2A3E /* ResetPasswordViewController.m */,
				C5090E5C20D2044D009D2A3E /* ResetPasswordViewController.xib */,
			);
			path = Login;
			sourceTree = "<group>";
		};
		FA0D56EC20DA7C3F005BAC11 /* XWCountryCode */ = {
			isa = PBXGroup;
			children = (
				FA0D56ED20DA7C3F005BAC11 /* XWCountryCodeController.h */,
				FA0D56EE20DA7C3F005BAC11 /* sortedChnames.plist */,
				FA0D56EF20DA7C3F005BAC11 /* sortedEnames.plist */,
				FA0D56F020DA7C3F005BAC11 /* XWCountryCodeController.m */,
			);
			path = XWCountryCode;
			sourceTree = "<group>";
		};
		FA0D56F420DA7C47005BAC11 /* FirstView */ = {
			isa = PBXGroup;
			children = (
				FA0D56F520DA7C47005BAC11 /* HomeViewController.m */,
				FA0D56F620DA7C47005BAC11 /* HomeViewController.xib */,
				FA0D56F720DA7C47005BAC11 /* HomeViewController.h */,
				FA0D572C20DA8B70005BAC11 /* UserFirstViewController.h */,
				FA0D572D20DA8B70005BAC11 /* UserFirstViewController.m */,
				FA0D572E20DA8B70005BAC11 /* UserFirstViewController.xib */,
			);
			path = FirstView;
			sourceTree = "<group>";
		};
		FA0D572620DA82F0005BAC11 /* Analysis */ = {
			isa = PBXGroup;
			children = (
				FA8FF94C20DE3A0D00D5D876 /* SortView.h */,
				FA8FF94D20DE3A0D00D5D876 /* SortView.m */,
				FA8FF94E20DE3A0D00D5D876 /* StockInfoCell.h */,
				FA8FF95020DE3A0D00D5D876 /* StockInfoCell.m */,
				FA8FF95220DE3A0D00D5D876 /* StockInfoCell.xib */,
				FA8FF95120DE3A0D00D5D876 /* StockInfoViewController.h */,
				FA8FF94F20DE3A0D00D5D876 /* StockInfoViewController.m */,
				FA0D572720DA831F005BAC11 /* AllInfoViewController.h */,
				FA0D572820DA831F005BAC11 /* AllInfoViewController.m */,
			);
			path = Analysis;
			sourceTree = "<group>";
		};
		FA0D573120DA8E2E005BAC11 /* Exchange */ = {
			isa = PBXGroup;
			children = (
				FA8FF9EE20E9FB6700D5D876 /* GetMoneyViewController.h */,
				FA8FF9ED20E9FB6700D5D876 /* GetMoneyViewController.m */,
				FA8FF9EC20E9FB6600D5D876 /* GetMoneyViewController.xib */,
				FA8FF9BA20E9F9FE00D5D876 /* AppData.h */,
				FA8FF9B920E9F9FE00D5D876 /* AppData.m */,
				FA8FF9B620E9F9FE00D5D876 /* ChargeAddressViewController.h */,
				FA8FF9B720E9F9FE00D5D876 /* ChargeAddressViewController.m */,
				FA8FF9B220E9F9FE00D5D876 /* ChargeAddressViewController.xib */,
				FA8FF9AF20E9F9FD00D5D876 /* ChargeDetailViewController.h */,
				FA8FF9BB20E9F9FE00D5D876 /* ChargeDetailViewController.m */,
				FA8FF9B420E9F9FE00D5D876 /* ChargeDetailViewController.xib */,
				FA8FF9B120E9F9FE00D5D876 /* ChargeRecordTableViewCell.h */,
				FA8FF9B820E9F9FE00D5D876 /* ChargeRecordTableViewCell.m */,
				FA8FF9B520E9F9FE00D5D876 /* ChargeRecordTableViewCell.xib */,
				FA8FF9B020E9F9FD00D5D876 /* ChargeRecordViewController.h */,
				FA8FF9BC20E9F9FE00D5D876 /* ChargeRecordViewController.m */,
				FA8FF9B320E9F9FE00D5D876 /* ChargeRecordViewController.xib */,
				FA8FF93120DE39DD00D5D876 /* ChargeViewController.h */,
				FA8FF93420DE39DD00D5D876 /* ChargeViewController.m */,
				FA8FF93220DE39DD00D5D876 /* ChargeViewController.xib */,
				FA8FF93520DE39DD00D5D876 /* MoneyInOutViewController.h */,
				FA8FF93620DE39DD00D5D876 /* MoneyInOutViewController.m */,
				FA8FF93320DE39DD00D5D876 /* MoneyInOutViewController.xib */,
				FA0D573220DA8E3F005BAC11 /* ExchangeViewController.h */,
				FA0D573320DA8E3F005BAC11 /* ExchangeViewController.m */,
				FA0D573420DA8E3F005BAC11 /* ExchangeViewController.xib */,
			);
			path = Exchange;
			sourceTree = "<group>";
		};
		FA8FF90220DE39C600D5D876 /* AlTabScrollview */ = {
			isa = PBXGroup;
			children = (
				FA8FF90320DE39C600D5D876 /* AITabContentView.m */,
				FA8FF90420DE39C600D5D876 /* AITabScrollview.m */,
				FA8FF90520DE39C600D5D876 /* AITabContentView.h */,
				FA8FF90620DE39C600D5D876 /* AITabScrollview.h */,
			);
			path = AlTabScrollview;
			sourceTree = "<group>";
		};
		FA8FF90720DE39C600D5D876 /* Masonry */ = {
			isa = PBXGroup;
			children = (
				FA8FF90820DE39C600D5D876 /* MASCompositeConstraint.h */,
				FA8FF90920DE39C600D5D876 /* NSLayoutConstraint+MASDebugAdditions.m */,
				FA8FF90A20DE39C600D5D876 /* MASConstraint+Private.h */,
				FA8FF90B20DE39C600D5D876 /* MASLayoutConstraint.h */,
				FA8FF90C20DE39C600D5D876 /* NSArray+MASShorthandAdditions.h */,
				FA8FF90D20DE39C600D5D876 /* MASConstraintMaker.h */,
				FA8FF90E20DE39C600D5D876 /* View+MASAdditions.h */,
				FA8FF90F20DE39C600D5D876 /* NSArray+MASAdditions.h */,
				FA8FF91020DE39C600D5D876 /* MASUtilities.h */,
				FA8FF91120DE39C600D5D876 /* MASViewAttribute.h */,
				FA8FF91220DE39C600D5D876 /* ViewController+MASAdditions.m */,
				FA8FF91320DE39C600D5D876 /* MASViewConstraint.h */,
				FA8FF91420DE39C600D5D876 /* MASConstraint.h */,
				FA8FF91520DE39C600D5D876 /* NSLayoutConstraint+MASDebugAdditions.h */,
				FA8FF91620DE39C600D5D876 /* MASCompositeConstraint.m */,
				FA8FF91720DE39C600D5D876 /* MASConstraintMaker.m */,
				FA8FF91820DE39C600D5D876 /* MASLayoutConstraint.m */,
				FA8FF91920DE39C600D5D876 /* NSArray+MASAdditions.m */,
				FA8FF91A20DE39C600D5D876 /* View+MASAdditions.m */,
				FA8FF91B20DE39C600D5D876 /* View+MASShorthandAdditions.h */,
				FA8FF91C20DE39C600D5D876 /* Masonry.h */,
				FA8FF91D20DE39C600D5D876 /* MASConstraint.m */,
				FA8FF91E20DE39C600D5D876 /* ViewController+MASAdditions.h */,
				FA8FF91F20DE39C600D5D876 /* MASViewConstraint.m */,
				FA8FF92020DE39C600D5D876 /* MASViewAttribute.m */,
				FA8FF92120DE39C600D5D876 /* Info.plist */,
			);
			path = Masonry;
			sourceTree = "<group>";
		};
		FA8FF93B20DE39F100D5D876 /* Business */ = {
			isa = PBXGroup;
			children = (
				FA8FF93C20DE39F100D5D876 /* Business ViewController.h */,
				FA8FF93D20DE39F100D5D876 /* Business ViewController.m */,
				FA8FF93E20DE39F100D5D876 /* Business ViewController.xib */,
			);
			path = Business;
			sourceTree = "<group>";
		};
		FA8FF94120DE39F900D5D876 /* UserInfo */ = {
			isa = PBXGroup;
			children = (
				C56FFBFA20EF5CB0002FB550 /* Auth */,
				FA8FF9C820E9FA0800D5D876 /* SetPasswordViewController.h */,
				FA8FF9C620E9FA0800D5D876 /* SetPasswordViewController.m */,
				FA8FF9C720E9FA0800D5D876 /* SetPasswordViewController.xib */,
				FA8FF94220DE39F900D5D876 /* UserInfoViewController.h */,
				FA8FF94320DE39F900D5D876 /* SafeViewController.m */,
				FA8FF94420DE39F900D5D876 /* UserInfoViewController.xib */,
				FA8FF94520DE39F900D5D876 /* SafeViewController.xib */,
				FA8FF94620DE39F900D5D876 /* UserInfoViewController.m */,
				FA8FF94720DE39F900D5D876 /* SafeViewController.h */,
				FA8FF9F120EA238E00D5D876 /* SetMoneyPasswordViewController.h */,
				FA8FF9F220EA238E00D5D876 /* SetMoneyPasswordViewController.m */,
				FA8FF9F320EA238E00D5D876 /* SetMoneyPasswordViewController.xib */,
			);
			path = UserInfo;
			sourceTree = "<group>";
		};
		FA8FF9A620DF257A00D5D876 /* Trade */ = {
			isa = PBXGroup;
			children = (
				FA8FF9D020E9FA1100D5D876 /* PendingOrderHistoryViewController.h */,
				FA8FF9D120E9FA1100D5D876 /* PendingOrderHistoryViewController.m */,
				FA8FF9CF20E9FA1000D5D876 /* PendingOrderTableViewCell.h */,
				FA8FF9CC20E9FA1000D5D876 /* PendingOrderTableViewCell.m */,
				FA8FF9CE20E9FA1000D5D876 /* PendingOrderTableViewCell.xib */,
				FA8FF9CB20E9FA1000D5D876 /* PendingOrderViewController.h */,
				FA8FF9CD20E9FA1000D5D876 /* PendingOrderViewController.m */,
				FA8FF9A720DF260600D5D876 /* TradePurchaseViewController.h */,
				FA8FF9A820DF260600D5D876 /* TradePurchaseViewController.m */,
				FA8FF9A920DF260600D5D876 /* TradePurchaseViewController.xib */,
				FA8FF9AC20DF3F4E00D5D876 /* TradeViewController.h */,
				FA8FF9AD20DF3F4E00D5D876 /* TradeViewController.m */,
			);
			path = Trade;
			sourceTree = "<group>";
		};
		FA8FF9DC20E9FA3F00D5D876 /* http */ = {
			isa = PBXGroup;
			children = (
				FA8FF9DD20E9FA3F00D5D876 /* HttpRequest.m */,
				FA8FF9DE20E9FA3F00D5D876 /* HttpRequest.h */,
			);
			path = http;
			sourceTree = "<group>";
		};
		FA8FF9DF20E9FA3F00D5D876 /* Store */ = {
			isa = PBXGroup;
			children = (
				FA8FF9E020E9FA3F00D5D876 /* StoreCell.m */,
				FA8FF9E120E9FA3F00D5D876 /* StorePurchaseViewController.h */,
				FA8FF9E220E9FA3F00D5D876 /* StoreViewController.h */,
				FA8FF9E320E9FA3F00D5D876 /* StoreCell.xib */,
				FA8FF9E420E9FA3F00D5D876 /* StorePurchaseViewController.m */,
				FA8FF9E520E9FA3F00D5D876 /* StoreCell.h */,
				FA8FF9E620E9FA3F00D5D876 /* StoreViewController.m */,
			);
			path = Store;
			sourceTree = "<group>";
		};
/* End PBXGroup section */

/* Begin PBXNativeTarget section */
		517F9EDD20AE5E0D00CC14C9 /* StockAnalysis */ = {
			isa = PBXNativeTarget;
			buildConfigurationList = 517F9F0D20AE5E0D00CC14C9 /* Build configuration list for PBXNativeTarget "StockAnalysis" */;
			buildPhases = (
				517F9EDA20AE5E0D00CC14C9 /* Sources */,
				517F9EDB20AE5E0D00CC14C9 /* Frameworks */,
				517F9EDC20AE5E0D00CC14C9 /* Resources */,
			);
			buildRules = (
			);
			dependencies = (
			);
			name = StockAnalysis;
			productName = StockAnalysis;
			productReference = 517F9EDE20AE5E0D00CC14C9 /* StockAnalysis.app */;
			productType = "com.apple.product-type.application";
		};
/* End PBXNativeTarget section */

/* Begin PBXProject section */
		517F9ED620AE5E0D00CC14C9 /* Project object */ = {
			isa = PBXProject;
			attributes = {
				LastUpgradeCheck = 0920;
				ORGANIZATIONNAME = try;
				TargetAttributes = {
					517F9EDD20AE5E0D00CC14C9 = {
						CreatedOnToolsVersion = 9.2;
						ProvisioningStyle = Automatic;
					};
				};
			};
			buildConfigurationList = 517F9ED920AE5E0D00CC14C9 /* Build configuration list for PBXProject "StockAnalysis" */;
			compatibilityVersion = "Xcode 8.0";
			developmentRegion = en;
			hasScannedForEncodings = 0;
			knownRegions = (
				en,
				Base,
			);
			mainGroup = 517F9ED520AE5E0D00CC14C9;
			productRefGroup = 517F9EDF20AE5E0D00CC14C9 /* Products */;
			projectDirPath = "";
			projectRoot = "";
			targets = (
				517F9EDD20AE5E0D00CC14C9 /* StockAnalysis */,
			);
		};
/* End PBXProject section */

/* Begin PBXResourcesBuildPhase section */
		517F9EDC20AE5E0D00CC14C9 /* Resources */ = {
			isa = PBXResourcesBuildPhase;
			buildActionMask = 2147483647;
			files = (
				C5F91A3820D0B418002DB977 /* LoginViewController.xib in Resources */,
				FA8FF9FA20EE238E00D5D876 /* MailLoginViewController.xib in Resources */,
				517F9EF120AE5E0D00CC14C9 /* LaunchScreen.storyboard in Resources */,
				FA8FF93720DE39DD00D5D876 /* ChargeViewController.xib in Resources */,
				FA8FF9BE20E9F9FE00D5D876 /* ChargeRecordViewController.xib in Resources */,
				FA8FF93820DE39DD00D5D876 /* MoneyInOutViewController.xib in Resources */,
				FA8FF9BD20E9F9FE00D5D876 /* ChargeAddressViewController.xib in Resources */,
				FA0D56F120DA7C3F005BAC11 /* sortedChnames.plist in Resources */,
				FA8FF9E920E9FA3F00D5D876 /* StoreCell.xib in Resources */,
				C56FFC0520EF7077002FB550 /* AuthApprove21ViewController.xib in Resources */,
				FA0D573620DA8E3F005BAC11 /* ExchangeViewController.xib in Resources */,
				FA8FF9D420E9FA1100D5D876 /* PendingOrderTableViewCell.xib in Resources */,
				FA8FF9EF20E9FB6700D5D876 /* GetMoneyViewController.xib in Resources */,
				C5F91A3D20D0C4CE002DB977 /* RegistViewController.xib in Resources */,
				FA8FF9CA20E9FA0800D5D876 /* SetPasswordViewController.xib in Resources */,
				FA8FF94020DE39F100D5D876 /* Business ViewController.xib in Resources */,
				FA8FF9C020E9F9FE00D5D876 /* ChargeRecordTableViewCell.xib in Resources */,
				517F9EEE20AE5E0D00CC14C9 /* Assets.xcassets in Resources */,
				FA8FF94920DE39F900D5D876 /* UserInfoViewController.xib in Resources */,
				FA8FF9F520EA238E00D5D876 /* SetMoneyPasswordViewController.xib in Resources */,
				FA8FF93020DE39C700D5D876 /* Info.plist in Resources */,
				517F9EEC20AE5E0D00CC14C9 /* Main.storyboard in Resources */,
				FA0D56F220DA7C3F005BAC11 /* sortedEnames.plist in Resources */,
				FA0D56FD20DA7C5C005BAC11 /* MailRegistViewController.xib in Resources */,
				FA8FF9AB20DF260600D5D876 /* TradePurchaseViewController.xib in Resources */,
				FA8FF95620DE3A0D00D5D876 /* StockInfoCell.xib in Resources */,
				C5090E5E20D2044D009D2A3E /* ResetPasswordViewController.xib in Resources */,
				FA8FF9BF20E9F9FE00D5D876 /* ChargeDetailViewController.xib in Resources */,
				FA8FF94A20DE39F900D5D876 /* SafeViewController.xib in Resources */,
				FA0D573020DA8B70005BAC11 /* UserFirstViewController.xib in Resources */,
				FA0D56F920DA7C47005BAC11 /* HomeViewController.xib in Resources */,
			);
			runOnlyForDeploymentPostprocessing = 0;
		};
/* End PBXResourcesBuildPhase section */

/* Begin PBXSourcesBuildPhase section */
		517F9EDA20AE5E0D00CC14C9 /* Sources */ = {
			isa = PBXSourcesBuildPhase;
			buildActionMask = 2147483647;
			files = (
				C56FFBFD20EF5CD0002FB550 /* AuthViewController.m in Sources */,
				FA0D56F320DA7C3F005BAC11 /* XWCountryCodeController.m in Sources */,
				512DE7A020CA6F7B00C59E95 /* OrderView.m in Sources */,
				FA8FF93920DE39DD00D5D876 /* ChargeViewController.m in Sources */,
				517F9EE920AE5E0D00CC14C9 /* SecondViewController.m in Sources */,
				FA8FF92B20DE39C700D5D876 /* NSArray+MASAdditions.m in Sources */,
				FA8FF94B20DE39F900D5D876 /* UserInfoViewController.m in Sources */,
				FA8FF9F920EE238E00D5D876 /* MailLoginViewController.m in Sources */,
				C5F91A3C20D0C4CE002DB977 /* RegistViewController.m in Sources */,
				FA8FF92D20DE39C700D5D876 /* MASConstraint.m in Sources */,
				FA8FF94820DE39F900D5D876 /* SafeViewController.m in Sources */,
				51230C1620C8D5AB00386A9A /* TTAutoRunLabel.m in Sources */,
				FA8FF92320DE39C700D5D876 /* UIView+Additions.m in Sources */,
				FA8FF9C520E9F9FE00D5D876 /* ChargeRecordViewController.m in Sources */,
				FA0D56F820DA7C47005BAC11 /* HomeViewController.m in Sources */,
				FA8FF9E720E9FA3F00D5D876 /* HttpRequest.m in Sources */,
				FA0D572F20DA8B70005BAC11 /* UserFirstViewController.m in Sources */,
				FA8FF95420DE3A0D00D5D876 /* StockInfoViewController.m in Sources */,
				C5090E5920D201F0009D2A3E /* WSAuthCode.m in Sources */,
				FA8FF9F020E9FB6700D5D876 /* GetMoneyViewController.m in Sources */,
				FA8FF9C320E9F9FE00D5D876 /* AppData.m in Sources */,
				516433EA20BBA40A0016BB8D /* ThirdViewController.m in Sources */,
				C5D53ED320CFB22E00037C5C /* TabViewController.m in Sources */,
				FA8FF9C420E9F9FE00D5D876 /* ChargeDetailViewController.m in Sources */,
				FA8FF92920DE39C700D5D876 /* MASConstraintMaker.m in Sources */,
				C5090E5D20D2044D009D2A3E /* ResetPasswordViewController.m in Sources */,
				FA8FF92F20DE39C700D5D876 /* MASViewAttribute.m in Sources */,
				516433ED20BBA42B0016BB8D /* ForthViewController.m in Sources */,
				FA8FF92620DE39C700D5D876 /* NSLayoutConstraint+MASDebugAdditions.m in Sources */,
				FA0D56FE20DA7C5C005BAC11 /* MailRegistViewController.m in Sources */,
				FA8FF92520DE39C700D5D876 /* AITabScrollview.m in Sources */,
				FA8FF9DB20E9FA2800D5D876 /* RadioButton.m in Sources */,
				517F9EE320AE5E0D00CC14C9 /* AppDelegate.m in Sources */,
				FA8FF95520DE3A0D00D5D876 /* StockInfoCell.m in Sources */,
				FA8FF9AE20DF3F4E00D5D876 /* TradeViewController.m in Sources */,
				FA8FF9DA20E9FA2800D5D876 /* Util.m in Sources */,
				FA8FF9AA20DF260600D5D876 /* TradePurchaseViewController.m in Sources */,
				516433F020BBAA000016BB8D /* FirstView.m in Sources */,
				FA8FF93F20DE39F100D5D876 /* Business ViewController.m in Sources */,
				FA8FF92C20DE39C700D5D876 /* View+MASAdditions.m in Sources */,
				FA8FF9D220E9FA1100D5D876 /* PendingOrderTableViewCell.m in Sources */,
				517F9EF420AE5E0D00CC14C9 /* main.m in Sources */,
				FA8FF92E20DE39C700D5D876 /* MASViewConstraint.m in Sources */,
				C56FFC0420EF7077002FB550 /* AuthApprove21ViewController.m in Sources */,
				C5090E6120D21CC1009D2A3E /* HUDUtil.m in Sources */,
				C5F91A3720D0B418002DB977 /* LoginViewController.m in Sources */,
				FA8FF9C920E9FA0800D5D876 /* SetPasswordViewController.m in Sources */,
				FA8FF95320DE3A0D00D5D876 /* SortView.m in Sources */,
				FA8FF9EB20E9FA3F00D5D876 /* StoreViewController.m in Sources */,
				FA8FF92A20DE39C700D5D876 /* MASLayoutConstraint.m in Sources */,
				C56FFC0020EF65B9002FB550 /* AuthApproveLevelOneViewController.m in Sources */,
				FA8FF9C120E9F9FE00D5D876 /* ChargeAddressViewController.m in Sources */,
				FA8FF93A20DE39DD00D5D876 /* MoneyInOutViewController.m in Sources */,
				517F9EE620AE5E0D00CC14C9 /* FirstViewController.m in Sources */,
				FA8FF92420DE39C700D5D876 /* AITabContentView.m in Sources */,
				FA8FF9D320E9FA1100D5D876 /* PendingOrderViewController.m in Sources */,
				FA8FF9C220E9F9FE00D5D876 /* ChargeRecordTableViewCell.m in Sources */,
				FA8FF92720DE39C700D5D876 /* ViewController+MASAdditions.m in Sources */,
				FA8FF9EA20E9FA3F00D5D876 /* StorePurchaseViewController.m in Sources */,
				FA8FF92820DE39C700D5D876 /* MASCompositeConstraint.m in Sources */,
				FA8FF9E820E9FA3F00D5D876 /* StoreCell.m in Sources */,
				FA8FF9D520E9FA1100D5D876 /* PendingOrderHistoryViewController.m in Sources */,
				FA8FF9F420EA238E00D5D876 /* SetMoneyPasswordViewController.m in Sources */,
				FA0D572A20DA831F005BAC11 /* AllInfoViewController.m in Sources */,
				C5090E6420D21D1C009D2A3E /* MBProgressHUD.m in Sources */,
				FA0D573520DA8E3F005BAC11 /* ExchangeViewController.m in Sources */,
			);
			runOnlyForDeploymentPostprocessing = 0;
		};
/* End PBXSourcesBuildPhase section */

/* Begin PBXVariantGroup section */
		517F9EEA20AE5E0D00CC14C9 /* Main.storyboard */ = {
			isa = PBXVariantGroup;
			children = (
				517F9EEB20AE5E0D00CC14C9 /* Base */,
			);
			name = Main.storyboard;
			sourceTree = "<group>";
		};
		517F9EEF20AE5E0D00CC14C9 /* LaunchScreen.storyboard */ = {
			isa = PBXVariantGroup;
			children = (
				517F9EF020AE5E0D00CC14C9 /* Base */,
			);
			name = LaunchScreen.storyboard;
			sourceTree = "<group>";
		};
/* End PBXVariantGroup section */

/* Begin XCBuildConfiguration section */
		517F9F0B20AE5E0D00CC14C9 /* Debug */ = {
			isa = XCBuildConfiguration;
			buildSettings = {
				ALWAYS_SEARCH_USER_PATHS = NO;
				CLANG_ANALYZER_NONNULL = YES;
				CLANG_ANALYZER_NUMBER_OBJECT_CONVERSION = YES_AGGRESSIVE;
				CLANG_CXX_LANGUAGE_STANDARD = "gnu++14";
				CLANG_CXX_LIBRARY = "libc++";
				CLANG_ENABLE_MODULES = YES;
				CLANG_ENABLE_OBJC_ARC = YES;
				CLANG_WARN_BLOCK_CAPTURE_AUTORELEASING = YES;
				CLANG_WARN_BOOL_CONVERSION = YES;
				CLANG_WARN_COMMA = YES;
				CLANG_WARN_CONSTANT_CONVERSION = YES;
				CLANG_WARN_DIRECT_OBJC_ISA_USAGE = YES_ERROR;
				CLANG_WARN_DOCUMENTATION_COMMENTS = YES;
				CLANG_WARN_EMPTY_BODY = YES;
				CLANG_WARN_ENUM_CONVERSION = YES;
				CLANG_WARN_INFINITE_RECURSION = YES;
				CLANG_WARN_INT_CONVERSION = YES;
				CLANG_WARN_NON_LITERAL_NULL_CONVERSION = YES;
				CLANG_WARN_OBJC_LITERAL_CONVERSION = YES;
				CLANG_WARN_OBJC_ROOT_CLASS = YES_ERROR;
				CLANG_WARN_RANGE_LOOP_ANALYSIS = YES;
				CLANG_WARN_STRICT_PROTOTYPES = YES;
				CLANG_WARN_SUSPICIOUS_MOVE = YES;
				CLANG_WARN_UNGUARDED_AVAILABILITY = YES_AGGRESSIVE;
				CLANG_WARN_UNREACHABLE_CODE = YES;
				CLANG_WARN__DUPLICATE_METHOD_MATCH = YES;
				CODE_SIGN_IDENTITY = "iPhone Developer";
				COPY_PHASE_STRIP = NO;
				DEBUG_INFORMATION_FORMAT = dwarf;
				ENABLE_STRICT_OBJC_MSGSEND = YES;
				ENABLE_TESTABILITY = YES;
				GCC_C_LANGUAGE_STANDARD = gnu11;
				GCC_DYNAMIC_NO_PIC = NO;
				GCC_NO_COMMON_BLOCKS = YES;
				GCC_OPTIMIZATION_LEVEL = 0;
				GCC_PREPROCESSOR_DEFINITIONS = (
					"DEBUG=1",
					"$(inherited)",
				);
				GCC_WARN_64_TO_32_BIT_CONVERSION = YES;
				GCC_WARN_ABOUT_RETURN_TYPE = YES_ERROR;
				GCC_WARN_UNDECLARED_SELECTOR = YES;
				GCC_WARN_UNINITIALIZED_AUTOS = YES_AGGRESSIVE;
				GCC_WARN_UNUSED_FUNCTION = YES;
				GCC_WARN_UNUSED_VARIABLE = YES;
				IPHONEOS_DEPLOYMENT_TARGET = 11.2;
				MTL_ENABLE_DEBUG_INFO = YES;
				ONLY_ACTIVE_ARCH = YES;
				SDKROOT = iphoneos;
			};
			name = Debug;
		};
		517F9F0C20AE5E0D00CC14C9 /* Release */ = {
			isa = XCBuildConfiguration;
			buildSettings = {
				ALWAYS_SEARCH_USER_PATHS = NO;
				CLANG_ANALYZER_NONNULL = YES;
				CLANG_ANALYZER_NUMBER_OBJECT_CONVERSION = YES_AGGRESSIVE;
				CLANG_CXX_LANGUAGE_STANDARD = "gnu++14";
				CLANG_CXX_LIBRARY = "libc++";
				CLANG_ENABLE_MODULES = YES;
				CLANG_ENABLE_OBJC_ARC = YES;
				CLANG_WARN_BLOCK_CAPTURE_AUTORELEASING = YES;
				CLANG_WARN_BOOL_CONVERSION = YES;
				CLANG_WARN_COMMA = YES;
				CLANG_WARN_CONSTANT_CONVERSION = YES;
				CLANG_WARN_DIRECT_OBJC_ISA_USAGE = YES_ERROR;
				CLANG_WARN_DOCUMENTATION_COMMENTS = YES;
				CLANG_WARN_EMPTY_BODY = YES;
				CLANG_WARN_ENUM_CONVERSION = YES;
				CLANG_WARN_INFINITE_RECURSION = YES;
				CLANG_WARN_INT_CONVERSION = YES;
				CLANG_WARN_NON_LITERAL_NULL_CONVERSION = YES;
				CLANG_WARN_OBJC_LITERAL_CONVERSION = YES;
				CLANG_WARN_OBJC_ROOT_CLASS = YES_ERROR;
				CLANG_WARN_RANGE_LOOP_ANALYSIS = YES;
				CLANG_WARN_STRICT_PROTOTYPES = YES;
				CLANG_WARN_SUSPICIOUS_MOVE = YES;
				CLANG_WARN_UNGUARDED_AVAILABILITY = YES_AGGRESSIVE;
				CLANG_WARN_UNREACHABLE_CODE = YES;
				CLANG_WARN__DUPLICATE_METHOD_MATCH = YES;
				CODE_SIGN_IDENTITY = "iPhone Developer";
				COPY_PHASE_STRIP = NO;
				DEBUG_INFORMATION_FORMAT = "dwarf-with-dsym";
				ENABLE_NS_ASSERTIONS = NO;
				ENABLE_STRICT_OBJC_MSGSEND = YES;
				GCC_C_LANGUAGE_STANDARD = gnu11;
				GCC_NO_COMMON_BLOCKS = YES;
				GCC_WARN_64_TO_32_BIT_CONVERSION = YES;
				GCC_WARN_ABOUT_RETURN_TYPE = YES_ERROR;
				GCC_WARN_UNDECLARED_SELECTOR = YES;
				GCC_WARN_UNINITIALIZED_AUTOS = YES_AGGRESSIVE;
				GCC_WARN_UNUSED_FUNCTION = YES;
				GCC_WARN_UNUSED_VARIABLE = YES;
				IPHONEOS_DEPLOYMENT_TARGET = 11.2;
				MTL_ENABLE_DEBUG_INFO = NO;
				SDKROOT = iphoneos;
				VALIDATE_PRODUCT = YES;
			};
			name = Release;
		};
		517F9F0E20AE5E0D00CC14C9 /* Debug */ = {
			isa = XCBuildConfiguration;
			buildSettings = {
				ASSETCATALOG_COMPILER_APPICON_NAME = AppIcon;
				CODE_SIGN_STYLE = Automatic;
				DEVELOPMENT_TEAM = 7VU8RBTG7Y;
				GCC_PREFIX_HEADER = "$(SRCROOT)/StockAnalysis/PrefixHeader.pch";
				INFOPLIST_FILE = StockAnalysis/Info.plist;
				IPHONEOS_DEPLOYMENT_TARGET = 9.0;
				LD_RUNPATH_SEARCH_PATHS = "$(inherited) @executable_path/Frameworks";
				PRODUCT_BUNDLE_IDENTIFIER = com.tian.StockAnalysis;
				PRODUCT_NAME = "$(TARGET_NAME)";
				TARGETED_DEVICE_FAMILY = "1,2";
			};
			name = Debug;
		};
		517F9F0F20AE5E0D00CC14C9 /* Release */ = {
			isa = XCBuildConfiguration;
			buildSettings = {
				ASSETCATALOG_COMPILER_APPICON_NAME = AppIcon;
				CODE_SIGN_STYLE = Automatic;
				DEVELOPMENT_TEAM = 7VU8RBTG7Y;
				GCC_PREFIX_HEADER = "$(SRCROOT)/StockAnalysis/PrefixHeader.pch";
				INFOPLIST_FILE = StockAnalysis/Info.plist;
				IPHONEOS_DEPLOYMENT_TARGET = 9.0;
				LD_RUNPATH_SEARCH_PATHS = "$(inherited) @executable_path/Frameworks";
				PRODUCT_BUNDLE_IDENTIFIER = com.tian.StockAnalysis;
				PRODUCT_NAME = "$(TARGET_NAME)";
				TARGETED_DEVICE_FAMILY = "1,2";
			};
			name = Release;
		};
/* End XCBuildConfiguration section */

/* Begin XCConfigurationList section */
		517F9ED920AE5E0D00CC14C9 /* Build configuration list for PBXProject "StockAnalysis" */ = {
			isa = XCConfigurationList;
			buildConfigurations = (
				517F9F0B20AE5E0D00CC14C9 /* Debug */,
				517F9F0C20AE5E0D00CC14C9 /* Release */,
			);
			defaultConfigurationIsVisible = 0;
			defaultConfigurationName = Release;
		};
		517F9F0D20AE5E0D00CC14C9 /* Build configuration list for PBXNativeTarget "StockAnalysis" */ = {
			isa = XCConfigurationList;
			buildConfigurations = (
				517F9F0E20AE5E0D00CC14C9 /* Debug */,
				517F9F0F20AE5E0D00CC14C9 /* Release */,
			);
			defaultConfigurationIsVisible = 0;
			defaultConfigurationName = Release;
		};
/* End XCConfigurationList section */
	};
	rootObject = 517F9ED620AE5E0D00CC14C9 /* Project object */;
}
